// !$*UTF8*$!
{
	archiveVersion = 1;
	classes = {
	};
	objectVersion = 56;
	objects = {

/* Begin PBXBuildFile section */
		0307A67529E9BB430002ECCE /* UserReposEndpoint.swift in Sources */ = {isa = PBXBuildFile; fileRef = 0307A67429E9BB430002ECCE /* UserReposEndpoint.swift */; };
		0307A67729E9BBB80002ECCE /* LoadUserReposResponse.swift in Sources */ = {isa = PBXBuildFile; fileRef = 0307A67629E9BBB80002ECCE /* LoadUserReposResponse.swift */; };
		0307A67929E9BE340002ECCE /* ReposApiServiceProtocol.swift in Sources */ = {isa = PBXBuildFile; fileRef = 0307A67829E9BE340002ECCE /* ReposApiServiceProtocol.swift */; };
		0307A67B29E9BE770002ECCE /* ReposApiService.swift in Sources */ = {isa = PBXBuildFile; fileRef = 0307A67A29E9BE770002ECCE /* ReposApiService.swift */; };
		0307A67D29E9BF390002ECCE /* ViewUserReposUseCase.swift in Sources */ = {isa = PBXBuildFile; fileRef = 0307A67C29E9BF390002ECCE /* ViewUserReposUseCase.swift */; };
		0307A67F29E9BF440002ECCE /* ViewUserReposUseCaseProtocol.swift in Sources */ = {isa = PBXBuildFile; fileRef = 0307A67E29E9BF440002ECCE /* ViewUserReposUseCaseProtocol.swift */; };
		0307A68129E9BF6E0002ECCE /* GithubRepository.swift in Sources */ = {isa = PBXBuildFile; fileRef = 0307A68029E9BF6E0002ECCE /* GithubRepository.swift */; };
		0307A68329E9C1CB0002ECCE /* ReposRepositoryProtocol.swift in Sources */ = {isa = PBXBuildFile; fileRef = 0307A68229E9C1CB0002ECCE /* ReposRepositoryProtocol.swift */; };
		0307A68529E9C2190002ECCE /* ReposRepository.swift in Sources */ = {isa = PBXBuildFile; fileRef = 0307A68429E9C2190002ECCE /* ReposRepository.swift */; };
		0307A68729E9C4700002ECCE /* ReposRepositoryFactory.swift in Sources */ = {isa = PBXBuildFile; fileRef = 0307A68629E9C4700002ECCE /* ReposRepositoryFactory.swift */; };
		0307A68929E9C4B80002ECCE /* ViewUserReposUseCaseFactory.swift in Sources */ = {isa = PBXBuildFile; fileRef = 0307A68829E9C4B80002ECCE /* ViewUserReposUseCaseFactory.swift */; };
		0307A68B29E9C5BA0002ECCE /* ListUserReposViewModelProtocol.swift in Sources */ = {isa = PBXBuildFile; fileRef = 0307A68A29E9C5BA0002ECCE /* ListUserReposViewModelProtocol.swift */; };
		0307A68D29E9C65B0002ECCE /* ListUserReposViewModel.swift in Sources */ = {isa = PBXBuildFile; fileRef = 0307A68C29E9C65B0002ECCE /* ListUserReposViewModel.swift */; };
		0307A68F29E9C8E40002ECCE /* ListUserReposVC.swift in Sources */ = {isa = PBXBuildFile; fileRef = 0307A68E29E9C8E40002ECCE /* ListUserReposVC.swift */; };
		0307A69129E9C8F50002ECCE /* ListUserReposView.swift in Sources */ = {isa = PBXBuildFile; fileRef = 0307A69029E9C8F50002ECCE /* ListUserReposView.swift */; };
		0307A69329E9CB790002ECCE /* ListUserReposViewModelFactory.swift in Sources */ = {isa = PBXBuildFile; fileRef = 0307A69229E9CB790002ECCE /* ListUserReposViewModelFactory.swift */; };
		0307A69529E9CBFB0002ECCE /* ListUserReposVCFactory.swift in Sources */ = {isa = PBXBuildFile; fileRef = 0307A69429E9CBFB0002ECCE /* ListUserReposVCFactory.swift */; };
		0307A69729E9D2740002ECCE /* SmallRepoInfoView.swift in Sources */ = {isa = PBXBuildFile; fileRef = 0307A69629E9D2740002ECCE /* SmallRepoInfoView.swift */; };
		0307A69929E9D7130002ECCE /* TitleValueView.swift in Sources */ = {isa = PBXBuildFile; fileRef = 0307A69829E9D7130002ECCE /* TitleValueView.swift */; };
		0307A69B29E9DC670002ECCE /* SmallRepoInfoTableViewCell.swift in Sources */ = {isa = PBXBuildFile; fileRef = 0307A69A29E9DC670002ECCE /* SmallRepoInfoTableViewCell.swift */; };
		0307A69E29E9EE1C0002ECCE /* ListUserReposViewModelTests.swift in Sources */ = {isa = PBXBuildFile; fileRef = 0307A69D29E9EE1C0002ECCE /* ListUserReposViewModelTests.swift */; };
		0307A6A129E9EED80002ECCE /* ViewUserReposUseCaseSuccess.swift in Sources */ = {isa = PBXBuildFile; fileRef = 0307A6A029E9EED80002ECCE /* ViewUserReposUseCaseSuccess.swift */; };
		0307A6A329E9F0D10002ECCE /* ViewUserReposUseCaseFailed.swift in Sources */ = {isa = PBXBuildFile; fileRef = 0307A6A229E9F0D10002ECCE /* ViewUserReposUseCaseFailed.swift */; };
		03521EF429E73B18002D8BA3 /* AppDelegate.swift in Sources */ = {isa = PBXBuildFile; fileRef = 03521EF329E73B18002D8BA3 /* AppDelegate.swift */; };
		03521EF629E73B18002D8BA3 /* SceneDelegate.swift in Sources */ = {isa = PBXBuildFile; fileRef = 03521EF529E73B18002D8BA3 /* SceneDelegate.swift */; };
		03521EFD29E73B19002D8BA3 /* Assets.xcassets in Resources */ = {isa = PBXBuildFile; fileRef = 03521EFC29E73B19002D8BA3 /* Assets.xcassets */; };
		03521F0029E73B19002D8BA3 /* LaunchScreen.storyboard in Resources */ = {isa = PBXBuildFile; fileRef = 03521EFE29E73B19002D8BA3 /* LaunchScreen.storyboard */; };
		03521F1529E73B1A002D8BA3 /* GithubUsersUITests.swift in Sources */ = {isa = PBXBuildFile; fileRef = 03521F1429E73B1A002D8BA3 /* GithubUsersUITests.swift */; };
		03521F1729E73B1A002D8BA3 /* GithubUsersUITestsLaunchTests.swift in Sources */ = {isa = PBXBuildFile; fileRef = 03521F1629E73B1A002D8BA3 /* GithubUsersUITestsLaunchTests.swift */; };
		03521F2F29E74252002D8BA3 /* ListUsersVC.swift in Sources */ = {isa = PBXBuildFile; fileRef = 03521F2E29E74252002D8BA3 /* ListUsersVC.swift */; };
		03521F3129E74266002D8BA3 /* ListUsersView.swift in Sources */ = {isa = PBXBuildFile; fileRef = 03521F3029E74266002D8BA3 /* ListUsersView.swift */; };
		03521F3429E74500002D8BA3 /* ListUsersViewModelProtocol.swift in Sources */ = {isa = PBXBuildFile; fileRef = 03521F3329E74500002D8BA3 /* ListUsersViewModelProtocol.swift */; };
		03521F3A29E7490D002D8BA3 /* SmallUserInfo.swift in Sources */ = {isa = PBXBuildFile; fileRef = 03521F3929E7490D002D8BA3 /* SmallUserInfo.swift */; };
		03521F3C29E74B0D002D8BA3 /* User.swift in Sources */ = {isa = PBXBuildFile; fileRef = 03521F3B29E74B0D002D8BA3 /* User.swift */; };
		03521F4229E74CC3002D8BA3 /* ViewUsersUseCaseProtocol.swift in Sources */ = {isa = PBXBuildFile; fileRef = 03521F4129E74CC3002D8BA3 /* ViewUsersUseCaseProtocol.swift */; };
		03521F4429E74D1A002D8BA3 /* UsersRepositoryProtocol.swift in Sources */ = {isa = PBXBuildFile; fileRef = 03521F4329E74D1A002D8BA3 /* UsersRepositoryProtocol.swift */; };
		03521F4629E74D51002D8BA3 /* ViewUsersUseCase.swift in Sources */ = {isa = PBXBuildFile; fileRef = 03521F4529E74D51002D8BA3 /* ViewUsersUseCase.swift */; };
		03521F4929E74DD3002D8BA3 /* UsersRepository.swift in Sources */ = {isa = PBXBuildFile; fileRef = 03521F4829E74DD3002D8BA3 /* UsersRepository.swift */; };
		03521F4D29E74E11002D8BA3 /* UsersApiServiceProtocol.swift in Sources */ = {isa = PBXBuildFile; fileRef = 03521F4C29E74E11002D8BA3 /* UsersApiServiceProtocol.swift */; };
		03521F5129E74F4C002D8BA3 /* UsersApiService.swift in Sources */ = {isa = PBXBuildFile; fileRef = 03521F5029E74F4C002D8BA3 /* UsersApiService.swift */; };
		03521F5529E74FFA002D8BA3 /* LoadUsersResponse.swift in Sources */ = {isa = PBXBuildFile; fileRef = 03521F5429E74FFA002D8BA3 /* LoadUsersResponse.swift */; };
		03521F5D29E7526A002D8BA3 /* ApiRequestResponse.swift in Sources */ = {isa = PBXBuildFile; fileRef = 03521F5829E7526A002D8BA3 /* ApiRequestResponse.swift */; };
		03521F5E29E7526A002D8BA3 /* ApiRequestMaker.swift in Sources */ = {isa = PBXBuildFile; fileRef = 03521F5929E7526A002D8BA3 /* ApiRequestMaker.swift */; };
		03521F5F29E7526A002D8BA3 /* ApiRequest.swift in Sources */ = {isa = PBXBuildFile; fileRef = 03521F5A29E7526A002D8BA3 /* ApiRequest.swift */; };
		03521F6029E7526A002D8BA3 /* ApiClient.swift in Sources */ = {isa = PBXBuildFile; fileRef = 03521F5B29E7526A002D8BA3 /* ApiClient.swift */; };
		03521F6129E7526A002D8BA3 /* ApiRequest+Extensions.swift in Sources */ = {isa = PBXBuildFile; fileRef = 03521F5C29E7526A002D8BA3 /* ApiRequest+Extensions.swift */; };
		03521F6329E753F0002D8BA3 /* GithubApiClient.swift in Sources */ = {isa = PBXBuildFile; fileRef = 03521F6229E753F0002D8BA3 /* GithubApiClient.swift */; };
		03521F6529E754A5002D8BA3 /* ListUsersEndpoint.swift in Sources */ = {isa = PBXBuildFile; fileRef = 03521F6429E754A5002D8BA3 /* ListUsersEndpoint.swift */; };
		03521F6829E818C4002D8BA3 /* ApiClient+Extensions.swift in Sources */ = {isa = PBXBuildFile; fileRef = 03521F6729E818C4002D8BA3 /* ApiClient+Extensions.swift */; };
		03521F6A29E82C3A002D8BA3 /* ApiClientBuilder.swift in Sources */ = {isa = PBXBuildFile; fileRef = 03521F6929E82C3A002D8BA3 /* ApiClientBuilder.swift */; };
		03521F7229E82F3E002D8BA3 /* UsersRepositoryFactory.swift in Sources */ = {isa = PBXBuildFile; fileRef = 03521F7129E82F3E002D8BA3 /* UsersRepositoryFactory.swift */; };
		03521F7429E82FD8002D8BA3 /* ViewUsersUseCaseFactory.swift in Sources */ = {isa = PBXBuildFile; fileRef = 03521F7329E82FD8002D8BA3 /* ViewUsersUseCaseFactory.swift */; };
		03521F7929E8315A002D8BA3 /* ListUsersViewModel.swift in Sources */ = {isa = PBXBuildFile; fileRef = 03521F7829E8315A002D8BA3 /* ListUsersViewModel.swift */; };
		03521F7C29E832E8002D8BA3 /* ExecutionStatus.swift in Sources */ = {isa = PBXBuildFile; fileRef = 03521F7B29E832E8002D8BA3 /* ExecutionStatus.swift */; };
		03521F7F29E8340F002D8BA3 /* ListUsersViewModelFactory.swift in Sources */ = {isa = PBXBuildFile; fileRef = 03521F7E29E8340F002D8BA3 /* ListUsersViewModelFactory.swift */; };
		03521F8129E83451002D8BA3 /* ListUsersVCFactory.swift in Sources */ = {isa = PBXBuildFile; fileRef = 03521F8029E83451002D8BA3 /* ListUsersVCFactory.swift */; };
		03521F8529E843C1002D8BA3 /* LoadResultStatusView.swift in Sources */ = {isa = PBXBuildFile; fileRef = 03521F8429E843C1002D8BA3 /* LoadResultStatusView.swift */; };
		03521F8729E8441E002D8BA3 /* WithViewCode.swift in Sources */ = {isa = PBXBuildFile; fileRef = 03521F8629E8441E002D8BA3 /* WithViewCode.swift */; };
		03521F8A29E877FF002D8BA3 /* ImageAndTitleInfoView.swift in Sources */ = {isa = PBXBuildFile; fileRef = 03521F8929E877FF002D8BA3 /* ImageAndTitleInfoView.swift */; };
		03521F8D29E87D32002D8BA3 /* ImageAndTitleInfoTableViewCell.swift in Sources */ = {isa = PBXBuildFile; fileRef = 03521F8C29E87D32002D8BA3 /* ImageAndTitleInfoTableViewCell.swift */; };
		03521F9329E892FE002D8BA3 /* ListUsersViewModelTests.swift in Sources */ = {isa = PBXBuildFile; fileRef = 03521F9229E892FE002D8BA3 /* ListUsersViewModelTests.swift */; };
		03521F9629E89FAC002D8BA3 /* ViewUsersUseCaseSuccess.swift in Sources */ = {isa = PBXBuildFile; fileRef = 03521F9529E89FAC002D8BA3 /* ViewUsersUseCaseSuccess.swift */; };
		03521F9829E8A235002D8BA3 /* ViewUsersUseCaseFailed.swift in Sources */ = {isa = PBXBuildFile; fileRef = 03521F9729E8A235002D8BA3 /* ViewUsersUseCaseFailed.swift */; };
		03521F9C29E8A626002D8BA3 /* UserDetailsViewModelProtocol.swift in Sources */ = {isa = PBXBuildFile; fileRef = 03521F9B29E8A626002D8BA3 /* UserDetailsViewModelProtocol.swift */; };
		03521F9E29E8A6CD002D8BA3 /* UserDetailsViewModel.swift in Sources */ = {isa = PBXBuildFile; fileRef = 03521F9D29E8A6CD002D8BA3 /* UserDetailsViewModel.swift */; };
		03521FA229E8AD38002D8BA3 /* UserDetailsVC.swift in Sources */ = {isa = PBXBuildFile; fileRef = 03521FA129E8AD38002D8BA3 /* UserDetailsVC.swift */; };
		03521FA429E8AD49002D8BA3 /* UserDetailsView.swift in Sources */ = {isa = PBXBuildFile; fileRef = 03521FA329E8AD49002D8BA3 /* UserDetailsView.swift */; };
		03521FA729E8B7FC002D8BA3 /* UserDetailsVCFactory.swift in Sources */ = {isa = PBXBuildFile; fileRef = 03521FA629E8B7FC002D8BA3 /* UserDetailsVCFactory.swift */; };
		03521FA929E8B82D002D8BA3 /* UserDetailsViewModelFactory.swift in Sources */ = {isa = PBXBuildFile; fileRef = 03521FA829E8B82D002D8BA3 /* UserDetailsViewModelFactory.swift */; };
		03521FAD29E8CC40002D8BA3 /* ProfileHeaderView.swift in Sources */ = {isa = PBXBuildFile; fileRef = 03521FAC29E8CC40002D8BA3 /* ProfileHeaderView.swift */; };
		03521FAF29E8DB47002D8BA3 /* ProfileHeaderTableViewCell.swift in Sources */ = {isa = PBXBuildFile; fileRef = 03521FAE29E8DB47002D8BA3 /* ProfileHeaderTableViewCell.swift */; };
		03521FB129E8E0E4002D8BA3 /* UserDetailsVCTableViewManager.swift in Sources */ = {isa = PBXBuildFile; fileRef = 03521FB029E8E0E4002D8BA3 /* UserDetailsVCTableViewManager.swift */; };
		03521FB329E97866002D8BA3 /* UserDetailsUseCase.swift in Sources */ = {isa = PBXBuildFile; fileRef = 03521FB229E97866002D8BA3 /* UserDetailsUseCase.swift */; };
		03521FB529E97877002D8BA3 /* UserDetailsUseCaseProtocol.swift in Sources */ = {isa = PBXBuildFile; fileRef = 03521FB429E97877002D8BA3 /* UserDetailsUseCaseProtocol.swift */; };
		03521FB729E978D5002D8BA3 /* UserRepositoryProtocol.swift in Sources */ = {isa = PBXBuildFile; fileRef = 03521FB629E978D5002D8BA3 /* UserRepositoryProtocol.swift */; };
		03521FB929E97962002D8BA3 /* UserApiServiceProtocol.swift in Sources */ = {isa = PBXBuildFile; fileRef = 03521FB829E97962002D8BA3 /* UserApiServiceProtocol.swift */; };
		03521FBB29E97986002D8BA3 /* LoadUserResponse.swift in Sources */ = {isa = PBXBuildFile; fileRef = 03521FBA29E97986002D8BA3 /* LoadUserResponse.swift */; };
		03521FBD29E97B3B002D8BA3 /* UserDetailsEndpoint.swift in Sources */ = {isa = PBXBuildFile; fileRef = 03521FBC29E97B3B002D8BA3 /* UserDetailsEndpoint.swift */; };
		03521FBF29E97BD4002D8BA3 /* UserApiService.swift in Sources */ = {isa = PBXBuildFile; fileRef = 03521FBE29E97BD4002D8BA3 /* UserApiService.swift */; };
		03521FC129E97C44002D8BA3 /* UserRepository.swift in Sources */ = {isa = PBXBuildFile; fileRef = 03521FC029E97C44002D8BA3 /* UserRepository.swift */; };
		03521FC329E97D40002D8BA3 /* UserRepositoryFactory.swift in Sources */ = {isa = PBXBuildFile; fileRef = 03521FC229E97D40002D8BA3 /* UserRepositoryFactory.swift */; };
		03521FC529E97D80002D8BA3 /* UserDetailsUseCaseFactory.swift in Sources */ = {isa = PBXBuildFile; fileRef = 03521FC429E97D80002D8BA3 /* UserDetailsUseCaseFactory.swift */; };
		03521FC829E98B49002D8BA3 /* UserDetailsViewModelTests.swift in Sources */ = {isa = PBXBuildFile; fileRef = 03521FC729E98B49002D8BA3 /* UserDetailsViewModelTests.swift */; };
		03521FCB29E98C87002D8BA3 /* UserDetailsUseCaseSuccess.swift in Sources */ = {isa = PBXBuildFile; fileRef = 03521FCA29E98C87002D8BA3 /* UserDetailsUseCaseSuccess.swift */; };
		03521FCD29E98D88002D8BA3 /* UserDetailsUseCaseFailed.swift in Sources */ = {isa = PBXBuildFile; fileRef = 03521FCC29E98D88002D8BA3 /* UserDetailsUseCaseFailed.swift */; };
		03DD3FBB29FAA21700BA99B6 /* SearchUsersEndpoint.swift in Sources */ = {isa = PBXBuildFile; fileRef = 03DD3FBA29FAA21700BA99B6 /* SearchUsersEndpoint.swift */; };
		03DD3FBE29FAA42800BA99B6 /* SortBy.swift in Sources */ = {isa = PBXBuildFile; fileRef = 03DD3FBD29FAA42800BA99B6 /* SortBy.swift */; };
		03DD3FC029FAA43300BA99B6 /* Order.swift in Sources */ = {isa = PBXBuildFile; fileRef = 03DD3FBF29FAA43300BA99B6 /* Order.swift */; };
		03DD3FC229FAAF6100BA99B6 /* SearchUsersResponse.swift in Sources */ = {isa = PBXBuildFile; fileRef = 03DD3FC129FAAF6100BA99B6 /* SearchUsersResponse.swift */; };
		03DD3FC429FAB18600BA99B6 /* SearchUsersUseCaseProtocol.swift in Sources */ = {isa = PBXBuildFile; fileRef = 03DD3FC329FAB18600BA99B6 /* SearchUsersUseCaseProtocol.swift */; };
		03DD3FC629FAB3EA00BA99B6 /* SearchUsersSortBy.swift in Sources */ = {isa = PBXBuildFile; fileRef = 03DD3FC529FAB3EA00BA99B6 /* SearchUsersSortBy.swift */; };
		03DD3FC829FAB40C00BA99B6 /* SearchUsersOrderBy.swift in Sources */ = {isa = PBXBuildFile; fileRef = 03DD3FC729FAB40C00BA99B6 /* SearchUsersOrderBy.swift */; };
		03DD3FCB29FAB65500BA99B6 /* SearchUsersResult.swift in Sources */ = {isa = PBXBuildFile; fileRef = 03DD3FCA29FAB65500BA99B6 /* SearchUsersResult.swift */; };
		03DD3FCD29FABCC000BA99B6 /* SearchUsersUseCase.swift in Sources */ = {isa = PBXBuildFile; fileRef = 03DD3FCC29FABCC000BA99B6 /* SearchUsersUseCase.swift */; };
		03DD3FCF29FAC6EA00BA99B6 /* SearchUsersUseCaseFactory.swift in Sources */ = {isa = PBXBuildFile; fileRef = 03DD3FCE29FAC6EA00BA99B6 /* SearchUsersUseCaseFactory.swift */; };
		03DD3FD829FAC77B00BA99B6 /* SearchUsersEndpointTests.swift in Sources */ = {isa = PBXBuildFile; fileRef = 03DD3FD729FAC77B00BA99B6 /* SearchUsersEndpointTests.swift */; };
		03DD3FDA29FAC78B00BA99B6 /* SearchUsersUseCaseTests.swift in Sources */ = {isa = PBXBuildFile; fileRef = 03DD3FD929FAC78B00BA99B6 /* SearchUsersUseCaseTests.swift */; };
		2755D67CD311E678DCC22199 /* Pods_GithubUsers_GithubUsersUITests.framework in Frameworks */ = {isa = PBXBuildFile; fileRef = 77E79734A390C5A5B70CBEEB /* Pods_GithubUsers_GithubUsersUITests.framework */; };
		540B7239A90A38BA4852EF17 /* Pods_GithubUsersTests.framework in Frameworks */ = {isa = PBXBuildFile; fileRef = 32718AD0707C7643CC3200F3 /* Pods_GithubUsersTests.framework */; };
		981704AE0C945D5E0F2FDE20 /* Pods_GithubUsers.framework in Frameworks */ = {isa = PBXBuildFile; fileRef = 1905E5F8A6F08AB1433D74CE /* Pods_GithubUsers.framework */; };
/* End PBXBuildFile section */

/* Begin PBXContainerItemProxy section */
		03521F0729E73B1A002D8BA3 /* PBXContainerItemProxy */ = {
			isa = PBXContainerItemProxy;
			containerPortal = 03521EE829E73B18002D8BA3 /* Project object */;
			proxyType = 1;
			remoteGlobalIDString = 03521EEF29E73B18002D8BA3;
			remoteInfo = GithubUsers;
		};
		03521F1129E73B1A002D8BA3 /* PBXContainerItemProxy */ = {
			isa = PBXContainerItemProxy;
			containerPortal = 03521EE829E73B18002D8BA3 /* Project object */;
			proxyType = 1;
			remoteGlobalIDString = 03521EEF29E73B18002D8BA3;
			remoteInfo = GithubUsers;
		};
/* End PBXContainerItemProxy section */

/* Begin PBXFileReference section */
		0307A67429E9BB430002ECCE /* UserReposEndpoint.swift */ = {isa = PBXFileReference; lastKnownFileType = sourcecode.swift; path = UserReposEndpoint.swift; sourceTree = "<group>"; };
		0307A67629E9BBB80002ECCE /* LoadUserReposResponse.swift */ = {isa = PBXFileReference; lastKnownFileType = sourcecode.swift; path = LoadUserReposResponse.swift; sourceTree = "<group>"; };
		0307A67829E9BE340002ECCE /* ReposApiServiceProtocol.swift */ = {isa = PBXFileReference; lastKnownFileType = sourcecode.swift; path = ReposApiServiceProtocol.swift; sourceTree = "<group>"; };
		0307A67A29E9BE770002ECCE /* ReposApiService.swift */ = {isa = PBXFileReference; lastKnownFileType = sourcecode.swift; path = ReposApiService.swift; sourceTree = "<group>"; };
		0307A67C29E9BF390002ECCE /* ViewUserReposUseCase.swift */ = {isa = PBXFileReference; lastKnownFileType = sourcecode.swift; path = ViewUserReposUseCase.swift; sourceTree = "<group>"; };
		0307A67E29E9BF440002ECCE /* ViewUserReposUseCaseProtocol.swift */ = {isa = PBXFileReference; lastKnownFileType = sourcecode.swift; path = ViewUserReposUseCaseProtocol.swift; sourceTree = "<group>"; };
		0307A68029E9BF6E0002ECCE /* GithubRepository.swift */ = {isa = PBXFileReference; lastKnownFileType = sourcecode.swift; path = GithubRepository.swift; sourceTree = "<group>"; };
		0307A68229E9C1CB0002ECCE /* ReposRepositoryProtocol.swift */ = {isa = PBXFileReference; lastKnownFileType = sourcecode.swift; path = ReposRepositoryProtocol.swift; sourceTree = "<group>"; };
		0307A68429E9C2190002ECCE /* ReposRepository.swift */ = {isa = PBXFileReference; lastKnownFileType = sourcecode.swift; path = ReposRepository.swift; sourceTree = "<group>"; };
		0307A68629E9C4700002ECCE /* ReposRepositoryFactory.swift */ = {isa = PBXFileReference; lastKnownFileType = sourcecode.swift; path = ReposRepositoryFactory.swift; sourceTree = "<group>"; };
		0307A68829E9C4B80002ECCE /* ViewUserReposUseCaseFactory.swift */ = {isa = PBXFileReference; lastKnownFileType = sourcecode.swift; path = ViewUserReposUseCaseFactory.swift; sourceTree = "<group>"; };
		0307A68A29E9C5BA0002ECCE /* ListUserReposViewModelProtocol.swift */ = {isa = PBXFileReference; lastKnownFileType = sourcecode.swift; path = ListUserReposViewModelProtocol.swift; sourceTree = "<group>"; };
		0307A68C29E9C65B0002ECCE /* ListUserReposViewModel.swift */ = {isa = PBXFileReference; lastKnownFileType = sourcecode.swift; path = ListUserReposViewModel.swift; sourceTree = "<group>"; };
		0307A68E29E9C8E40002ECCE /* ListUserReposVC.swift */ = {isa = PBXFileReference; lastKnownFileType = sourcecode.swift; path = ListUserReposVC.swift; sourceTree = "<group>"; };
		0307A69029E9C8F50002ECCE /* ListUserReposView.swift */ = {isa = PBXFileReference; lastKnownFileType = sourcecode.swift; path = ListUserReposView.swift; sourceTree = "<group>"; };
		0307A69229E9CB790002ECCE /* ListUserReposViewModelFactory.swift */ = {isa = PBXFileReference; lastKnownFileType = sourcecode.swift; path = ListUserReposViewModelFactory.swift; sourceTree = "<group>"; };
		0307A69429E9CBFB0002ECCE /* ListUserReposVCFactory.swift */ = {isa = PBXFileReference; lastKnownFileType = sourcecode.swift; path = ListUserReposVCFactory.swift; sourceTree = "<group>"; };
		0307A69629E9D2740002ECCE /* SmallRepoInfoView.swift */ = {isa = PBXFileReference; lastKnownFileType = sourcecode.swift; path = SmallRepoInfoView.swift; sourceTree = "<group>"; };
		0307A69829E9D7130002ECCE /* TitleValueView.swift */ = {isa = PBXFileReference; lastKnownFileType = sourcecode.swift; path = TitleValueView.swift; sourceTree = "<group>"; };
		0307A69A29E9DC670002ECCE /* SmallRepoInfoTableViewCell.swift */ = {isa = PBXFileReference; lastKnownFileType = sourcecode.swift; path = SmallRepoInfoTableViewCell.swift; sourceTree = "<group>"; };
		0307A69D29E9EE1C0002ECCE /* ListUserReposViewModelTests.swift */ = {isa = PBXFileReference; lastKnownFileType = sourcecode.swift; path = ListUserReposViewModelTests.swift; sourceTree = "<group>"; };
		0307A6A029E9EED80002ECCE /* ViewUserReposUseCaseSuccess.swift */ = {isa = PBXFileReference; lastKnownFileType = sourcecode.swift; path = ViewUserReposUseCaseSuccess.swift; sourceTree = "<group>"; };
		0307A6A229E9F0D10002ECCE /* ViewUserReposUseCaseFailed.swift */ = {isa = PBXFileReference; lastKnownFileType = sourcecode.swift; path = ViewUserReposUseCaseFailed.swift; sourceTree = "<group>"; };
		03521EF029E73B18002D8BA3 /* GithubUsers.app */ = {isa = PBXFileReference; explicitFileType = wrapper.application; includeInIndex = 0; path = GithubUsers.app; sourceTree = BUILT_PRODUCTS_DIR; };
		03521EF329E73B18002D8BA3 /* AppDelegate.swift */ = {isa = PBXFileReference; lastKnownFileType = sourcecode.swift; path = AppDelegate.swift; sourceTree = "<group>"; };
		03521EF529E73B18002D8BA3 /* SceneDelegate.swift */ = {isa = PBXFileReference; lastKnownFileType = sourcecode.swift; path = SceneDelegate.swift; sourceTree = "<group>"; };
		03521EFC29E73B19002D8BA3 /* Assets.xcassets */ = {isa = PBXFileReference; lastKnownFileType = folder.assetcatalog; path = Assets.xcassets; sourceTree = "<group>"; };
		03521EFF29E73B19002D8BA3 /* Base */ = {isa = PBXFileReference; lastKnownFileType = file.storyboard; name = Base; path = Base.lproj/LaunchScreen.storyboard; sourceTree = "<group>"; };
		03521F0129E73B19002D8BA3 /* Info.plist */ = {isa = PBXFileReference; lastKnownFileType = text.plist.xml; path = Info.plist; sourceTree = "<group>"; };
		03521F0629E73B1A002D8BA3 /* GithubUsersTests.xctest */ = {isa = PBXFileReference; explicitFileType = wrapper.cfbundle; includeInIndex = 0; path = GithubUsersTests.xctest; sourceTree = BUILT_PRODUCTS_DIR; };
		03521F1029E73B1A002D8BA3 /* GithubUsersUITests.xctest */ = {isa = PBXFileReference; explicitFileType = wrapper.cfbundle; includeInIndex = 0; path = GithubUsersUITests.xctest; sourceTree = BUILT_PRODUCTS_DIR; };
		03521F1429E73B1A002D8BA3 /* GithubUsersUITests.swift */ = {isa = PBXFileReference; lastKnownFileType = sourcecode.swift; path = GithubUsersUITests.swift; sourceTree = "<group>"; };
		03521F1629E73B1A002D8BA3 /* GithubUsersUITestsLaunchTests.swift */ = {isa = PBXFileReference; lastKnownFileType = sourcecode.swift; path = GithubUsersUITestsLaunchTests.swift; sourceTree = "<group>"; };
		03521F2E29E74252002D8BA3 /* ListUsersVC.swift */ = {isa = PBXFileReference; lastKnownFileType = sourcecode.swift; path = ListUsersVC.swift; sourceTree = "<group>"; };
		03521F3029E74266002D8BA3 /* ListUsersView.swift */ = {isa = PBXFileReference; lastKnownFileType = sourcecode.swift; path = ListUsersView.swift; sourceTree = "<group>"; };
		03521F3329E74500002D8BA3 /* ListUsersViewModelProtocol.swift */ = {isa = PBXFileReference; lastKnownFileType = sourcecode.swift; path = ListUsersViewModelProtocol.swift; sourceTree = "<group>"; };
		03521F3929E7490D002D8BA3 /* SmallUserInfo.swift */ = {isa = PBXFileReference; lastKnownFileType = sourcecode.swift; path = SmallUserInfo.swift; sourceTree = "<group>"; };
		03521F3B29E74B0D002D8BA3 /* User.swift */ = {isa = PBXFileReference; lastKnownFileType = sourcecode.swift; path = User.swift; sourceTree = "<group>"; };
		03521F4129E74CC3002D8BA3 /* ViewUsersUseCaseProtocol.swift */ = {isa = PBXFileReference; lastKnownFileType = sourcecode.swift; path = ViewUsersUseCaseProtocol.swift; sourceTree = "<group>"; };
		03521F4329E74D1A002D8BA3 /* UsersRepositoryProtocol.swift */ = {isa = PBXFileReference; lastKnownFileType = sourcecode.swift; path = UsersRepositoryProtocol.swift; sourceTree = "<group>"; };
		03521F4529E74D51002D8BA3 /* ViewUsersUseCase.swift */ = {isa = PBXFileReference; lastKnownFileType = sourcecode.swift; path = ViewUsersUseCase.swift; sourceTree = "<group>"; };
		03521F4829E74DD3002D8BA3 /* UsersRepository.swift */ = {isa = PBXFileReference; lastKnownFileType = sourcecode.swift; path = UsersRepository.swift; sourceTree = "<group>"; };
		03521F4C29E74E11002D8BA3 /* UsersApiServiceProtocol.swift */ = {isa = PBXFileReference; lastKnownFileType = sourcecode.swift; path = UsersApiServiceProtocol.swift; sourceTree = "<group>"; };
		03521F5029E74F4C002D8BA3 /* UsersApiService.swift */ = {isa = PBXFileReference; lastKnownFileType = sourcecode.swift; path = UsersApiService.swift; sourceTree = "<group>"; };
		03521F5429E74FFA002D8BA3 /* LoadUsersResponse.swift */ = {isa = PBXFileReference; lastKnownFileType = sourcecode.swift; path = LoadUsersResponse.swift; sourceTree = "<group>"; };
		03521F5829E7526A002D8BA3 /* ApiRequestResponse.swift */ = {isa = PBXFileReference; fileEncoding = 4; lastKnownFileType = sourcecode.swift; path = ApiRequestResponse.swift; sourceTree = "<group>"; };
		03521F5929E7526A002D8BA3 /* ApiRequestMaker.swift */ = {isa = PBXFileReference; fileEncoding = 4; lastKnownFileType = sourcecode.swift; path = ApiRequestMaker.swift; sourceTree = "<group>"; };
		03521F5A29E7526A002D8BA3 /* ApiRequest.swift */ = {isa = PBXFileReference; fileEncoding = 4; lastKnownFileType = sourcecode.swift; path = ApiRequest.swift; sourceTree = "<group>"; };
		03521F5B29E7526A002D8BA3 /* ApiClient.swift */ = {isa = PBXFileReference; fileEncoding = 4; lastKnownFileType = sourcecode.swift; path = ApiClient.swift; sourceTree = "<group>"; };
		03521F5C29E7526A002D8BA3 /* ApiRequest+Extensions.swift */ = {isa = PBXFileReference; fileEncoding = 4; lastKnownFileType = sourcecode.swift; path = "ApiRequest+Extensions.swift"; sourceTree = "<group>"; };
		03521F6229E753F0002D8BA3 /* GithubApiClient.swift */ = {isa = PBXFileReference; fileEncoding = 4; lastKnownFileType = sourcecode.swift; path = GithubApiClient.swift; sourceTree = "<group>"; };
		03521F6429E754A5002D8BA3 /* ListUsersEndpoint.swift */ = {isa = PBXFileReference; lastKnownFileType = sourcecode.swift; path = ListUsersEndpoint.swift; sourceTree = "<group>"; };
		03521F6729E818C4002D8BA3 /* ApiClient+Extensions.swift */ = {isa = PBXFileReference; lastKnownFileType = sourcecode.swift; path = "ApiClient+Extensions.swift"; sourceTree = "<group>"; };
		03521F6929E82C3A002D8BA3 /* ApiClientBuilder.swift */ = {isa = PBXFileReference; lastKnownFileType = sourcecode.swift; path = ApiClientBuilder.swift; sourceTree = "<group>"; };
		03521F7129E82F3E002D8BA3 /* UsersRepositoryFactory.swift */ = {isa = PBXFileReference; lastKnownFileType = sourcecode.swift; path = UsersRepositoryFactory.swift; sourceTree = "<group>"; };
		03521F7329E82FD8002D8BA3 /* ViewUsersUseCaseFactory.swift */ = {isa = PBXFileReference; lastKnownFileType = sourcecode.swift; path = ViewUsersUseCaseFactory.swift; sourceTree = "<group>"; };
		03521F7829E8315A002D8BA3 /* ListUsersViewModel.swift */ = {isa = PBXFileReference; lastKnownFileType = sourcecode.swift; path = ListUsersViewModel.swift; sourceTree = "<group>"; };
		03521F7B29E832E8002D8BA3 /* ExecutionStatus.swift */ = {isa = PBXFileReference; lastKnownFileType = sourcecode.swift; path = ExecutionStatus.swift; sourceTree = "<group>"; };
		03521F7E29E8340F002D8BA3 /* ListUsersViewModelFactory.swift */ = {isa = PBXFileReference; lastKnownFileType = sourcecode.swift; path = ListUsersViewModelFactory.swift; sourceTree = "<group>"; };
		03521F8029E83451002D8BA3 /* ListUsersVCFactory.swift */ = {isa = PBXFileReference; lastKnownFileType = sourcecode.swift; path = ListUsersVCFactory.swift; sourceTree = "<group>"; };
		03521F8429E843C1002D8BA3 /* LoadResultStatusView.swift */ = {isa = PBXFileReference; lastKnownFileType = sourcecode.swift; path = LoadResultStatusView.swift; sourceTree = "<group>"; };
		03521F8629E8441E002D8BA3 /* WithViewCode.swift */ = {isa = PBXFileReference; lastKnownFileType = sourcecode.swift; path = WithViewCode.swift; sourceTree = "<group>"; };
		03521F8929E877FF002D8BA3 /* ImageAndTitleInfoView.swift */ = {isa = PBXFileReference; lastKnownFileType = sourcecode.swift; path = ImageAndTitleInfoView.swift; sourceTree = "<group>"; };
		03521F8C29E87D32002D8BA3 /* ImageAndTitleInfoTableViewCell.swift */ = {isa = PBXFileReference; lastKnownFileType = sourcecode.swift; path = ImageAndTitleInfoTableViewCell.swift; sourceTree = "<group>"; };
		03521F9229E892FE002D8BA3 /* ListUsersViewModelTests.swift */ = {isa = PBXFileReference; lastKnownFileType = sourcecode.swift; path = ListUsersViewModelTests.swift; sourceTree = "<group>"; };
		03521F9529E89FAC002D8BA3 /* ViewUsersUseCaseSuccess.swift */ = {isa = PBXFileReference; lastKnownFileType = sourcecode.swift; path = ViewUsersUseCaseSuccess.swift; sourceTree = "<group>"; };
		03521F9729E8A235002D8BA3 /* ViewUsersUseCaseFailed.swift */ = {isa = PBXFileReference; lastKnownFileType = sourcecode.swift; path = ViewUsersUseCaseFailed.swift; sourceTree = "<group>"; };
		03521F9B29E8A626002D8BA3 /* UserDetailsViewModelProtocol.swift */ = {isa = PBXFileReference; lastKnownFileType = sourcecode.swift; path = UserDetailsViewModelProtocol.swift; sourceTree = "<group>"; };
		03521F9D29E8A6CD002D8BA3 /* UserDetailsViewModel.swift */ = {isa = PBXFileReference; lastKnownFileType = sourcecode.swift; path = UserDetailsViewModel.swift; sourceTree = "<group>"; };
		03521FA129E8AD38002D8BA3 /* UserDetailsVC.swift */ = {isa = PBXFileReference; lastKnownFileType = sourcecode.swift; path = UserDetailsVC.swift; sourceTree = "<group>"; };
		03521FA329E8AD49002D8BA3 /* UserDetailsView.swift */ = {isa = PBXFileReference; lastKnownFileType = sourcecode.swift; path = UserDetailsView.swift; sourceTree = "<group>"; };
		03521FA629E8B7FC002D8BA3 /* UserDetailsVCFactory.swift */ = {isa = PBXFileReference; lastKnownFileType = sourcecode.swift; path = UserDetailsVCFactory.swift; sourceTree = "<group>"; };
		03521FA829E8B82D002D8BA3 /* UserDetailsViewModelFactory.swift */ = {isa = PBXFileReference; lastKnownFileType = sourcecode.swift; path = UserDetailsViewModelFactory.swift; sourceTree = "<group>"; };
		03521FAC29E8CC40002D8BA3 /* ProfileHeaderView.swift */ = {isa = PBXFileReference; lastKnownFileType = sourcecode.swift; path = ProfileHeaderView.swift; sourceTree = "<group>"; };
		03521FAE29E8DB47002D8BA3 /* ProfileHeaderTableViewCell.swift */ = {isa = PBXFileReference; lastKnownFileType = sourcecode.swift; path = ProfileHeaderTableViewCell.swift; sourceTree = "<group>"; };
		03521FB029E8E0E4002D8BA3 /* UserDetailsVCTableViewManager.swift */ = {isa = PBXFileReference; lastKnownFileType = sourcecode.swift; path = UserDetailsVCTableViewManager.swift; sourceTree = "<group>"; };
		03521FB229E97866002D8BA3 /* UserDetailsUseCase.swift */ = {isa = PBXFileReference; lastKnownFileType = sourcecode.swift; path = UserDetailsUseCase.swift; sourceTree = "<group>"; };
		03521FB429E97877002D8BA3 /* UserDetailsUseCaseProtocol.swift */ = {isa = PBXFileReference; lastKnownFileType = sourcecode.swift; path = UserDetailsUseCaseProtocol.swift; sourceTree = "<group>"; };
		03521FB629E978D5002D8BA3 /* UserRepositoryProtocol.swift */ = {isa = PBXFileReference; lastKnownFileType = sourcecode.swift; path = UserRepositoryProtocol.swift; sourceTree = "<group>"; };
		03521FB829E97962002D8BA3 /* UserApiServiceProtocol.swift */ = {isa = PBXFileReference; lastKnownFileType = sourcecode.swift; path = UserApiServiceProtocol.swift; sourceTree = "<group>"; };
		03521FBA29E97986002D8BA3 /* LoadUserResponse.swift */ = {isa = PBXFileReference; lastKnownFileType = sourcecode.swift; path = LoadUserResponse.swift; sourceTree = "<group>"; };
		03521FBC29E97B3B002D8BA3 /* UserDetailsEndpoint.swift */ = {isa = PBXFileReference; lastKnownFileType = sourcecode.swift; path = UserDetailsEndpoint.swift; sourceTree = "<group>"; };
		03521FBE29E97BD4002D8BA3 /* UserApiService.swift */ = {isa = PBXFileReference; lastKnownFileType = sourcecode.swift; path = UserApiService.swift; sourceTree = "<group>"; };
		03521FC029E97C44002D8BA3 /* UserRepository.swift */ = {isa = PBXFileReference; lastKnownFileType = sourcecode.swift; path = UserRepository.swift; sourceTree = "<group>"; };
		03521FC229E97D40002D8BA3 /* UserRepositoryFactory.swift */ = {isa = PBXFileReference; lastKnownFileType = sourcecode.swift; path = UserRepositoryFactory.swift; sourceTree = "<group>"; };
		03521FC429E97D80002D8BA3 /* UserDetailsUseCaseFactory.swift */ = {isa = PBXFileReference; lastKnownFileType = sourcecode.swift; path = UserDetailsUseCaseFactory.swift; sourceTree = "<group>"; };
		03521FC729E98B49002D8BA3 /* UserDetailsViewModelTests.swift */ = {isa = PBXFileReference; lastKnownFileType = sourcecode.swift; path = UserDetailsViewModelTests.swift; sourceTree = "<group>"; };
		03521FCA29E98C87002D8BA3 /* UserDetailsUseCaseSuccess.swift */ = {isa = PBXFileReference; lastKnownFileType = sourcecode.swift; path = UserDetailsUseCaseSuccess.swift; sourceTree = "<group>"; };
		03521FCC29E98D88002D8BA3 /* UserDetailsUseCaseFailed.swift */ = {isa = PBXFileReference; lastKnownFileType = sourcecode.swift; path = UserDetailsUseCaseFailed.swift; sourceTree = "<group>"; };
		03DD3FBA29FAA21700BA99B6 /* SearchUsersEndpoint.swift */ = {isa = PBXFileReference; lastKnownFileType = sourcecode.swift; path = SearchUsersEndpoint.swift; sourceTree = "<group>"; };
		03DD3FBD29FAA42800BA99B6 /* SortBy.swift */ = {isa = PBXFileReference; lastKnownFileType = sourcecode.swift; path = SortBy.swift; sourceTree = "<group>"; };
		03DD3FBF29FAA43300BA99B6 /* Order.swift */ = {isa = PBXFileReference; lastKnownFileType = sourcecode.swift; path = Order.swift; sourceTree = "<group>"; };
		03DD3FC129FAAF6100BA99B6 /* SearchUsersResponse.swift */ = {isa = PBXFileReference; lastKnownFileType = sourcecode.swift; path = SearchUsersResponse.swift; sourceTree = "<group>"; };
		03DD3FC329FAB18600BA99B6 /* SearchUsersUseCaseProtocol.swift */ = {isa = PBXFileReference; lastKnownFileType = sourcecode.swift; path = SearchUsersUseCaseProtocol.swift; sourceTree = "<group>"; };
		03DD3FC529FAB3EA00BA99B6 /* SearchUsersSortBy.swift */ = {isa = PBXFileReference; lastKnownFileType = sourcecode.swift; path = SearchUsersSortBy.swift; sourceTree = "<group>"; };
		03DD3FC729FAB40C00BA99B6 /* SearchUsersOrderBy.swift */ = {isa = PBXFileReference; lastKnownFileType = sourcecode.swift; path = SearchUsersOrderBy.swift; sourceTree = "<group>"; };
		03DD3FCA29FAB65500BA99B6 /* SearchUsersResult.swift */ = {isa = PBXFileReference; lastKnownFileType = sourcecode.swift; path = SearchUsersResult.swift; sourceTree = "<group>"; };
		03DD3FCC29FABCC000BA99B6 /* SearchUsersUseCase.swift */ = {isa = PBXFileReference; lastKnownFileType = sourcecode.swift; path = SearchUsersUseCase.swift; sourceTree = "<group>"; };
		03DD3FCE29FAC6EA00BA99B6 /* SearchUsersUseCaseFactory.swift */ = {isa = PBXFileReference; lastKnownFileType = sourcecode.swift; path = SearchUsersUseCaseFactory.swift; sourceTree = "<group>"; };
		03DD3FD729FAC77B00BA99B6 /* SearchUsersEndpointTests.swift */ = {isa = PBXFileReference; lastKnownFileType = sourcecode.swift; path = SearchUsersEndpointTests.swift; sourceTree = "<group>"; };
		03DD3FD929FAC78B00BA99B6 /* SearchUsersUseCaseTests.swift */ = {isa = PBXFileReference; lastKnownFileType = sourcecode.swift; path = SearchUsersUseCaseTests.swift; sourceTree = "<group>"; };
		1905E5F8A6F08AB1433D74CE /* Pods_GithubUsers.framework */ = {isa = PBXFileReference; explicitFileType = wrapper.framework; includeInIndex = 0; path = Pods_GithubUsers.framework; sourceTree = BUILT_PRODUCTS_DIR; };
		32718AD0707C7643CC3200F3 /* Pods_GithubUsersTests.framework */ = {isa = PBXFileReference; explicitFileType = wrapper.framework; includeInIndex = 0; path = Pods_GithubUsersTests.framework; sourceTree = BUILT_PRODUCTS_DIR; };
		35712DF9CBE3A467AD64EEC1 /* Pods-GithubUsersTests.debug.xcconfig */ = {isa = PBXFileReference; includeInIndex = 1; lastKnownFileType = text.xcconfig; name = "Pods-GithubUsersTests.debug.xcconfig"; path = "Target Support Files/Pods-GithubUsersTests/Pods-GithubUsersTests.debug.xcconfig"; sourceTree = "<group>"; };
		5A4B7595F4F6A3A86AA456CD /* Pods-GithubUsersTests.release.xcconfig */ = {isa = PBXFileReference; includeInIndex = 1; lastKnownFileType = text.xcconfig; name = "Pods-GithubUsersTests.release.xcconfig"; path = "Target Support Files/Pods-GithubUsersTests/Pods-GithubUsersTests.release.xcconfig"; sourceTree = "<group>"; };
		713FB8CA0D5B5125243AB9DA /* Pods-GithubUsers.debug.xcconfig */ = {isa = PBXFileReference; includeInIndex = 1; lastKnownFileType = text.xcconfig; name = "Pods-GithubUsers.debug.xcconfig"; path = "Target Support Files/Pods-GithubUsers/Pods-GithubUsers.debug.xcconfig"; sourceTree = "<group>"; };
		77E79734A390C5A5B70CBEEB /* Pods_GithubUsers_GithubUsersUITests.framework */ = {isa = PBXFileReference; explicitFileType = wrapper.framework; includeInIndex = 0; path = Pods_GithubUsers_GithubUsersUITests.framework; sourceTree = BUILT_PRODUCTS_DIR; };
		7D87E21E3EF28A74937A3E04 /* Pods-GithubUsers-GithubUsersUITests.release.xcconfig */ = {isa = PBXFileReference; includeInIndex = 1; lastKnownFileType = text.xcconfig; name = "Pods-GithubUsers-GithubUsersUITests.release.xcconfig"; path = "Target Support Files/Pods-GithubUsers-GithubUsersUITests/Pods-GithubUsers-GithubUsersUITests.release.xcconfig"; sourceTree = "<group>"; };
		E47B5C102E3B1A62CC25CC84 /* Pods-GithubUsers.release.xcconfig */ = {isa = PBXFileReference; includeInIndex = 1; lastKnownFileType = text.xcconfig; name = "Pods-GithubUsers.release.xcconfig"; path = "Target Support Files/Pods-GithubUsers/Pods-GithubUsers.release.xcconfig"; sourceTree = "<group>"; };
		F3F2E5C560E679C7AF2F67F1 /* Pods-GithubUsers-GithubUsersUITests.debug.xcconfig */ = {isa = PBXFileReference; includeInIndex = 1; lastKnownFileType = text.xcconfig; name = "Pods-GithubUsers-GithubUsersUITests.debug.xcconfig"; path = "Target Support Files/Pods-GithubUsers-GithubUsersUITests/Pods-GithubUsers-GithubUsersUITests.debug.xcconfig"; sourceTree = "<group>"; };
/* End PBXFileReference section */

/* Begin PBXFrameworksBuildPhase section */
		03521EED29E73B18002D8BA3 /* Frameworks */ = {
			isa = PBXFrameworksBuildPhase;
			buildActionMask = 2147483647;
			files = (
				981704AE0C945D5E0F2FDE20 /* Pods_GithubUsers.framework in Frameworks */,
			);
			runOnlyForDeploymentPostprocessing = 0;
		};
		03521F0329E73B1A002D8BA3 /* Frameworks */ = {
			isa = PBXFrameworksBuildPhase;
			buildActionMask = 2147483647;
			files = (
				540B7239A90A38BA4852EF17 /* Pods_GithubUsersTests.framework in Frameworks */,
			);
			runOnlyForDeploymentPostprocessing = 0;
		};
		03521F0D29E73B1A002D8BA3 /* Frameworks */ = {
			isa = PBXFrameworksBuildPhase;
			buildActionMask = 2147483647;
			files = (
				2755D67CD311E678DCC22199 /* Pods_GithubUsers_GithubUsersUITests.framework in Frameworks */,
			);
			runOnlyForDeploymentPostprocessing = 0;
		};
/* End PBXFrameworksBuildPhase section */

/* Begin PBXGroup section */
		0307A67129E9BAC10002ECCE /* ListUserRepos */ = {
			isa = PBXGroup;
			children = (
				0307A67229E9BAD00002ECCE /* ViewModel */,
				0307A68E29E9C8E40002ECCE /* ListUserReposVC.swift */,
				0307A69029E9C8F50002ECCE /* ListUserReposView.swift */,
			);
			path = ListUserRepos;
			sourceTree = "<group>";
		};
		0307A67229E9BAD00002ECCE /* ViewModel */ = {
			isa = PBXGroup;
			children = (
				0307A68A29E9C5BA0002ECCE /* ListUserReposViewModelProtocol.swift */,
				0307A68C29E9C65B0002ECCE /* ListUserReposViewModel.swift */,
			);
			path = ViewModel;
			sourceTree = "<group>";
		};
		0307A67329E9BADE0002ECCE /* ListUserRepos */ = {
			isa = PBXGroup;
			children = (
				0307A69229E9CB790002ECCE /* ListUserReposViewModelFactory.swift */,
				0307A69429E9CBFB0002ECCE /* ListUserReposVCFactory.swift */,
			);
			path = ListUserRepos;
			sourceTree = "<group>";
		};
		0307A69C29E9ED2F0002ECCE /* ListUserRepos */ = {
			isa = PBXGroup;
			children = (
				0307A69F29E9EE740002ECCE /* Mocks */,
				0307A69D29E9EE1C0002ECCE /* ListUserReposViewModelTests.swift */,
			);
			path = ListUserRepos;
			sourceTree = "<group>";
		};
		0307A69F29E9EE740002ECCE /* Mocks */ = {
			isa = PBXGroup;
			children = (
				0307A6A029E9EED80002ECCE /* ViewUserReposUseCaseSuccess.swift */,
				0307A6A229E9F0D10002ECCE /* ViewUserReposUseCaseFailed.swift */,
			);
			path = Mocks;
			sourceTree = "<group>";
		};
		03521EE729E73B18002D8BA3 = {
			isa = PBXGroup;
			children = (
				03521EF229E73B18002D8BA3 /* GithubUsers */,
				03521F0929E73B1A002D8BA3 /* GithubUsersTests */,
				03521F1329E73B1A002D8BA3 /* GithubUsersUITests */,
				03521EF129E73B18002D8BA3 /* Products */,
				57A6385B63F8BB65A6D40E48 /* Pods */,
				8711FD5115E68B679293D3E3 /* Frameworks */,
			);
			sourceTree = "<group>";
		};
		03521EF129E73B18002D8BA3 /* Products */ = {
			isa = PBXGroup;
			children = (
				03521EF029E73B18002D8BA3 /* GithubUsers.app */,
				03521F0629E73B1A002D8BA3 /* GithubUsersTests.xctest */,
				03521F1029E73B1A002D8BA3 /* GithubUsersUITests.xctest */,
			);
			name = Products;
			sourceTree = "<group>";
		};
		03521EF229E73B18002D8BA3 /* GithubUsers */ = {
			isa = PBXGroup;
			children = (
				03521F5229E74F75002D8BA3 /* Support */,
				03521F6D29E82F03002D8BA3 /* Factories */,
				03521F2329E73C61002D8BA3 /* Presentation */,
				03521F2429E73C67002D8BA3 /* Domain */,
				03521F2529E73C6B002D8BA3 /* Data */,
				03521EFE29E73B19002D8BA3 /* LaunchScreen.storyboard */,
				03521F0129E73B19002D8BA3 /* Info.plist */,
			);
			path = GithubUsers;
			sourceTree = "<group>";
		};
		03521F0929E73B1A002D8BA3 /* GithubUsersTests */ = {
			isa = PBXGroup;
			children = (
				03521F8E29E89217002D8BA3 /* Presentation */,
				03DD3FD029FAC72600BA99B6 /* Domain */,
				03DD3FD129FAC73100BA99B6 /* Data */,
			);
			path = GithubUsersTests;
			sourceTree = "<group>";
		};
		03521F1329E73B1A002D8BA3 /* GithubUsersUITests */ = {
			isa = PBXGroup;
			children = (
				03521F1429E73B1A002D8BA3 /* GithubUsersUITests.swift */,
				03521F1629E73B1A002D8BA3 /* GithubUsersUITestsLaunchTests.swift */,
			);
			path = GithubUsersUITests;
			sourceTree = "<group>";
		};
		03521F2329E73C61002D8BA3 /* Presentation */ = {
			isa = PBXGroup;
			children = (
				03521F2B29E7420B002D8BA3 /* ListUsers */,
				03521F9929E8A525002D8BA3 /* UserDetails */,
				0307A67129E9BAC10002ECCE /* ListUserRepos */,
				03521F8229E84397002D8BA3 /* Common */,
				03521F7A29E832B3002D8BA3 /* Utils */,
			);
			path = Presentation;
			sourceTree = "<group>";
		};
		03521F2429E73C67002D8BA3 /* Domain */ = {
			isa = PBXGroup;
			children = (
				03521F3829E74900002D8BA3 /* Entities */,
				03521F3D29E74C52002D8BA3 /* UseCases */,
				03521F3E29E74C5B002D8BA3 /* Protocols */,
			);
			path = Domain;
			sourceTree = "<group>";
		};
		03521F2529E73C6B002D8BA3 /* Data */ = {
			isa = PBXGroup;
			children = (
				03521F4729E74DBE002D8BA3 /* Repositories */,
				03521F5329E74FCE002D8BA3 /* DTOs */,
				03521F4A29E74DE7002D8BA3 /* Api */,
			);
			path = Data;
			sourceTree = "<group>";
		};
		03521F2B29E7420B002D8BA3 /* ListUsers */ = {
			isa = PBXGroup;
			children = (
				03521F3229E744DF002D8BA3 /* ViewModel */,
				03521F2E29E74252002D8BA3 /* ListUsersVC.swift */,
				03521F3029E74266002D8BA3 /* ListUsersView.swift */,
			);
			path = ListUsers;
			sourceTree = "<group>";
		};
		03521F3229E744DF002D8BA3 /* ViewModel */ = {
			isa = PBXGroup;
			children = (
				03521F3329E74500002D8BA3 /* ListUsersViewModelProtocol.swift */,
				03521F7829E8315A002D8BA3 /* ListUsersViewModel.swift */,
			);
			path = ViewModel;
			sourceTree = "<group>";
		};
		03521F3829E74900002D8BA3 /* Entities */ = {
			isa = PBXGroup;
			children = (
				03521F3929E7490D002D8BA3 /* SmallUserInfo.swift */,
				03521F3B29E74B0D002D8BA3 /* User.swift */,
				0307A68029E9BF6E0002ECCE /* GithubRepository.swift */,
				03DD3FC529FAB3EA00BA99B6 /* SearchUsersSortBy.swift */,
				03DD3FC729FAB40C00BA99B6 /* SearchUsersOrderBy.swift */,
				03DD3FCA29FAB65500BA99B6 /* SearchUsersResult.swift */,
			);
			path = Entities;
			sourceTree = "<group>";
		};
		03521F3D29E74C52002D8BA3 /* UseCases */ = {
			isa = PBXGroup;
			children = (
				03521F4529E74D51002D8BA3 /* ViewUsersUseCase.swift */,
				03521FB229E97866002D8BA3 /* UserDetailsUseCase.swift */,
				0307A67C29E9BF390002ECCE /* ViewUserReposUseCase.swift */,
				03DD3FCC29FABCC000BA99B6 /* SearchUsersUseCase.swift */,
			);
			path = UseCases;
			sourceTree = "<group>";
		};
		03521F3E29E74C5B002D8BA3 /* Protocols */ = {
			isa = PBXGroup;
			children = (
				03521F3F29E74C65002D8BA3 /* UseCases */,
				03521F4029E74C6B002D8BA3 /* Repositories */,
			);
			path = Protocols;
			sourceTree = "<group>";
		};
		03521F3F29E74C65002D8BA3 /* UseCases */ = {
			isa = PBXGroup;
			children = (
				03521F4129E74CC3002D8BA3 /* ViewUsersUseCaseProtocol.swift */,
				03521FB429E97877002D8BA3 /* UserDetailsUseCaseProtocol.swift */,
				0307A67E29E9BF440002ECCE /* ViewUserReposUseCaseProtocol.swift */,
				03DD3FC329FAB18600BA99B6 /* SearchUsersUseCaseProtocol.swift */,
			);
			path = UseCases;
			sourceTree = "<group>";
		};
		03521F4029E74C6B002D8BA3 /* Repositories */ = {
			isa = PBXGroup;
			children = (
				03521F4329E74D1A002D8BA3 /* UsersRepositoryProtocol.swift */,
				03521FB629E978D5002D8BA3 /* UserRepositoryProtocol.swift */,
				0307A68229E9C1CB0002ECCE /* ReposRepositoryProtocol.swift */,
			);
			path = Repositories;
			sourceTree = "<group>";
		};
		03521F4729E74DBE002D8BA3 /* Repositories */ = {
			isa = PBXGroup;
			children = (
				03521F4829E74DD3002D8BA3 /* UsersRepository.swift */,
				03521FC029E97C44002D8BA3 /* UserRepository.swift */,
				0307A68429E9C2190002ECCE /* ReposRepository.swift */,
			);
			path = Repositories;
			sourceTree = "<group>";
		};
		03521F4A29E74DE7002D8BA3 /* Api */ = {
			isa = PBXGroup;
			children = (
				03521F4B29E74DFC002D8BA3 /* Protocols */,
				03521F4E29E74F39002D8BA3 /* Services */,
				03521F5629E7520F002D8BA3 /* Endpoints */,
				03521F5729E75217002D8BA3 /* ApiRequest */,
			);
			path = Api;
			sourceTree = "<group>";
		};
		03521F4B29E74DFC002D8BA3 /* Protocols */ = {
			isa = PBXGroup;
			children = (
				03521F4C29E74E11002D8BA3 /* UsersApiServiceProtocol.swift */,
				03521FB829E97962002D8BA3 /* UserApiServiceProtocol.swift */,
				0307A67829E9BE340002ECCE /* ReposApiServiceProtocol.swift */,
			);
			path = Protocols;
			sourceTree = "<group>";
		};
		03521F4E29E74F39002D8BA3 /* Services */ = {
			isa = PBXGroup;
			children = (
				03521F5029E74F4C002D8BA3 /* UsersApiService.swift */,
				03521FBE29E97BD4002D8BA3 /* UserApiService.swift */,
				0307A67A29E9BE770002ECCE /* ReposApiService.swift */,
			);
			path = Services;
			sourceTree = "<group>";
		};
		03521F5229E74F75002D8BA3 /* Support */ = {
			isa = PBXGroup;
			children = (
				03521EFC29E73B19002D8BA3 /* Assets.xcassets */,
				03521EF329E73B18002D8BA3 /* AppDelegate.swift */,
				03521EF529E73B18002D8BA3 /* SceneDelegate.swift */,
			);
			name = Support;
			sourceTree = "<group>";
		};
		03521F5329E74FCE002D8BA3 /* DTOs */ = {
			isa = PBXGroup;
			children = (
				03521F5429E74FFA002D8BA3 /* LoadUsersResponse.swift */,
				03521FBA29E97986002D8BA3 /* LoadUserResponse.swift */,
				0307A67629E9BBB80002ECCE /* LoadUserReposResponse.swift */,
				03DD3FC129FAAF6100BA99B6 /* SearchUsersResponse.swift */,
				03DD3FBD29FAA42800BA99B6 /* SortBy.swift */,
				03DD3FBF29FAA43300BA99B6 /* Order.swift */,
			);
			path = DTOs;
			sourceTree = "<group>";
		};
		03521F5629E7520F002D8BA3 /* Endpoints */ = {
			isa = PBXGroup;
			children = (
				03521F6229E753F0002D8BA3 /* GithubApiClient.swift */,
				03521F6429E754A5002D8BA3 /* ListUsersEndpoint.swift */,
				03521FBC29E97B3B002D8BA3 /* UserDetailsEndpoint.swift */,
				0307A67429E9BB430002ECCE /* UserReposEndpoint.swift */,
				03DD3FBA29FAA21700BA99B6 /* SearchUsersEndpoint.swift */,
			);
			path = Endpoints;
			sourceTree = "<group>";
		};
		03521F5729E75217002D8BA3 /* ApiRequest */ = {
			isa = PBXGroup;
			children = (
				03521F5B29E7526A002D8BA3 /* ApiClient.swift */,
				03521F6929E82C3A002D8BA3 /* ApiClientBuilder.swift */,
				03521F6729E818C4002D8BA3 /* ApiClient+Extensions.swift */,
				03521F5A29E7526A002D8BA3 /* ApiRequest.swift */,
				03521F5C29E7526A002D8BA3 /* ApiRequest+Extensions.swift */,
				03521F5929E7526A002D8BA3 /* ApiRequestMaker.swift */,
				03521F5829E7526A002D8BA3 /* ApiRequestResponse.swift */,
			);
			path = ApiRequest;
			sourceTree = "<group>";
		};
		03521F6D29E82F03002D8BA3 /* Factories */ = {
			isa = PBXGroup;
			children = (
				03521F6E29E82F0F002D8BA3 /* Presentation */,
				03521F6F29E82F17002D8BA3 /* Domain */,
				03521F7029E82F1C002D8BA3 /* Data */,
			);
			path = Factories;
			sourceTree = "<group>";
		};
		03521F6E29E82F0F002D8BA3 /* Presentation */ = {
			isa = PBXGroup;
			children = (
				03521F7D29E833ED002D8BA3 /* ListUsers */,
				03521FA529E8B7E6002D8BA3 /* UserDetails */,
				0307A67329E9BADE0002ECCE /* ListUserRepos */,
			);
			path = Presentation;
			sourceTree = "<group>";
		};
		03521F6F29E82F17002D8BA3 /* Domain */ = {
			isa = PBXGroup;
			children = (
				03521F7329E82FD8002D8BA3 /* ViewUsersUseCaseFactory.swift */,
				03521FC429E97D80002D8BA3 /* UserDetailsUseCaseFactory.swift */,
				0307A68829E9C4B80002ECCE /* ViewUserReposUseCaseFactory.swift */,
				03DD3FCE29FAC6EA00BA99B6 /* SearchUsersUseCaseFactory.swift */,
			);
			path = Domain;
			sourceTree = "<group>";
		};
		03521F7029E82F1C002D8BA3 /* Data */ = {
			isa = PBXGroup;
			children = (
				03521F7129E82F3E002D8BA3 /* UsersRepositoryFactory.swift */,
				03521FC229E97D40002D8BA3 /* UserRepositoryFactory.swift */,
				0307A68629E9C4700002ECCE /* ReposRepositoryFactory.swift */,
			);
			path = Data;
			sourceTree = "<group>";
		};
		03521F7A29E832B3002D8BA3 /* Utils */ = {
			isa = PBXGroup;
			children = (
				03521F7B29E832E8002D8BA3 /* ExecutionStatus.swift */,
			);
			path = Utils;
			sourceTree = "<group>";
		};
		03521F7D29E833ED002D8BA3 /* ListUsers */ = {
			isa = PBXGroup;
			children = (
				03521F7E29E8340F002D8BA3 /* ListUsersViewModelFactory.swift */,
				03521F8029E83451002D8BA3 /* ListUsersVCFactory.swift */,
			);
			path = ListUsers;
			sourceTree = "<group>";
		};
		03521F8229E84397002D8BA3 /* Common */ = {
			isa = PBXGroup;
			children = (
				03521F8329E8439E002D8BA3 /* Components */,
				03521F8629E8441E002D8BA3 /* WithViewCode.swift */,
			);
			path = Common;
			sourceTree = "<group>";
		};
		03521F8329E8439E002D8BA3 /* Components */ = {
			isa = PBXGroup;
			children = (
				03521F8B29E87D20002D8BA3 /* TableViewCells */,
				03521F8429E843C1002D8BA3 /* LoadResultStatusView.swift */,
				03521F8929E877FF002D8BA3 /* ImageAndTitleInfoView.swift */,
				03521FAC29E8CC40002D8BA3 /* ProfileHeaderView.swift */,
				0307A69629E9D2740002ECCE /* SmallRepoInfoView.swift */,
				0307A69829E9D7130002ECCE /* TitleValueView.swift */,
			);
			path = Components;
			sourceTree = "<group>";
		};
		03521F8B29E87D20002D8BA3 /* TableViewCells */ = {
			isa = PBXGroup;
			children = (
				03521F8C29E87D32002D8BA3 /* ImageAndTitleInfoTableViewCell.swift */,
				03521FAE29E8DB47002D8BA3 /* ProfileHeaderTableViewCell.swift */,
				0307A69A29E9DC670002ECCE /* SmallRepoInfoTableViewCell.swift */,
			);
			path = TableViewCells;
			sourceTree = "<group>";
		};
		03521F8E29E89217002D8BA3 /* Presentation */ = {
			isa = PBXGroup;
			children = (
				03521FC629E98B2F002D8BA3 /* UserDetails */,
				03521F8F29E89228002D8BA3 /* ListUsers */,
				0307A69C29E9ED2F0002ECCE /* ListUserRepos */,
			);
			path = Presentation;
			sourceTree = "<group>";
		};
		03521F8F29E89228002D8BA3 /* ListUsers */ = {
			isa = PBXGroup;
			children = (
				03521F9429E89F9B002D8BA3 /* Mocks */,
				03521F9229E892FE002D8BA3 /* ListUsersViewModelTests.swift */,
			);
			path = ListUsers;
			sourceTree = "<group>";
		};
		03521F9429E89F9B002D8BA3 /* Mocks */ = {
			isa = PBXGroup;
			children = (
				03521F9529E89FAC002D8BA3 /* ViewUsersUseCaseSuccess.swift */,
				03521F9729E8A235002D8BA3 /* ViewUsersUseCaseFailed.swift */,
			);
			path = Mocks;
			sourceTree = "<group>";
		};
		03521F9929E8A525002D8BA3 /* UserDetails */ = {
			isa = PBXGroup;
			children = (
				03521F9A29E8A52F002D8BA3 /* ViewModel */,
				03521FA129E8AD38002D8BA3 /* UserDetailsVC.swift */,
				03521FA329E8AD49002D8BA3 /* UserDetailsView.swift */,
				03521FB029E8E0E4002D8BA3 /* UserDetailsVCTableViewManager.swift */,
			);
			path = UserDetails;
			sourceTree = "<group>";
		};
		03521F9A29E8A52F002D8BA3 /* ViewModel */ = {
			isa = PBXGroup;
			children = (
				03521F9B29E8A626002D8BA3 /* UserDetailsViewModelProtocol.swift */,
				03521F9D29E8A6CD002D8BA3 /* UserDetailsViewModel.swift */,
			);
			path = ViewModel;
			sourceTree = "<group>";
		};
		03521FA529E8B7E6002D8BA3 /* UserDetails */ = {
			isa = PBXGroup;
			children = (
				03521FA629E8B7FC002D8BA3 /* UserDetailsVCFactory.swift */,
				03521FA829E8B82D002D8BA3 /* UserDetailsViewModelFactory.swift */,
			);
			path = UserDetails;
			sourceTree = "<group>";
		};
		03521FC629E98B2F002D8BA3 /* UserDetails */ = {
			isa = PBXGroup;
			children = (
				03521FC929E98C6E002D8BA3 /* Mocks */,
				03521FC729E98B49002D8BA3 /* UserDetailsViewModelTests.swift */,
			);
			path = UserDetails;
			sourceTree = "<group>";
		};
		03521FC929E98C6E002D8BA3 /* Mocks */ = {
			isa = PBXGroup;
			children = (
				03521FCA29E98C87002D8BA3 /* UserDetailsUseCaseSuccess.swift */,
				03521FCC29E98D88002D8BA3 /* UserDetailsUseCaseFailed.swift */,
			);
			path = Mocks;
			sourceTree = "<group>";
		};
		03DD3FD029FAC72600BA99B6 /* Domain */ = {
			isa = PBXGroup;
			children = (
				03DD3FD429FAC74A00BA99B6 /* UseCases */,
			);
			path = Domain;
			sourceTree = "<group>";
		};
		03DD3FD129FAC73100BA99B6 /* Data */ = {
			isa = PBXGroup;
			children = (
				03DD3FD229FAC73700BA99B6 /* Api */,
			);
			path = Data;
			sourceTree = "<group>";
		};
		03DD3FD229FAC73700BA99B6 /* Api */ = {
			isa = PBXGroup;
			children = (
				03DD3FD329FAC74200BA99B6 /* Endpoints */,
			);
			path = Api;
			sourceTree = "<group>";
		};
		03DD3FD329FAC74200BA99B6 /* Endpoints */ = {
			isa = PBXGroup;
			children = (
				03DD3FD729FAC77B00BA99B6 /* SearchUsersEndpointTests.swift */,
			);
			path = Endpoints;
			sourceTree = "<group>";
		};
		03DD3FD429FAC74A00BA99B6 /* UseCases */ = {
			isa = PBXGroup;
			children = (
				03DD3FD929FAC78B00BA99B6 /* SearchUsersUseCaseTests.swift */,
			);
			path = UseCases;
			sourceTree = "<group>";
		};
		57A6385B63F8BB65A6D40E48 /* Pods */ = {
			isa = PBXGroup;
			children = (
				713FB8CA0D5B5125243AB9DA /* Pods-GithubUsers.debug.xcconfig */,
				E47B5C102E3B1A62CC25CC84 /* Pods-GithubUsers.release.xcconfig */,
				F3F2E5C560E679C7AF2F67F1 /* Pods-GithubUsers-GithubUsersUITests.debug.xcconfig */,
				7D87E21E3EF28A74937A3E04 /* Pods-GithubUsers-GithubUsersUITests.release.xcconfig */,
				35712DF9CBE3A467AD64EEC1 /* Pods-GithubUsersTests.debug.xcconfig */,
				5A4B7595F4F6A3A86AA456CD /* Pods-GithubUsersTests.release.xcconfig */,
			);
			path = Pods;
			sourceTree = "<group>";
		};
		8711FD5115E68B679293D3E3 /* Frameworks */ = {
			isa = PBXGroup;
			children = (
				1905E5F8A6F08AB1433D74CE /* Pods_GithubUsers.framework */,
				77E79734A390C5A5B70CBEEB /* Pods_GithubUsers_GithubUsersUITests.framework */,
				32718AD0707C7643CC3200F3 /* Pods_GithubUsersTests.framework */,
			);
			name = Frameworks;
			sourceTree = "<group>";
		};
/* End PBXGroup section */

/* Begin PBXNativeTarget section */
		03521EEF29E73B18002D8BA3 /* GithubUsers */ = {
			isa = PBXNativeTarget;
			buildConfigurationList = 03521F1A29E73B1A002D8BA3 /* Build configuration list for PBXNativeTarget "GithubUsers" */;
			buildPhases = (
				027FCCB8FA927DCAA2A4EA18 /* [CP] Check Pods Manifest.lock */,
				03521EEC29E73B18002D8BA3 /* Sources */,
				03521EED29E73B18002D8BA3 /* Frameworks */,
				03521EEE29E73B18002D8BA3 /* Resources */,
				FDC2736BB017B5E08595A49D /* [CP] Embed Pods Frameworks */,
			);
			buildRules = (
			);
			dependencies = (
			);
			name = GithubUsers;
			productName = GithubUsers;
			productReference = 03521EF029E73B18002D8BA3 /* GithubUsers.app */;
			productType = "com.apple.product-type.application";
		};
		03521F0529E73B1A002D8BA3 /* GithubUsersTests */ = {
			isa = PBXNativeTarget;
			buildConfigurationList = 03521F1D29E73B1A002D8BA3 /* Build configuration list for PBXNativeTarget "GithubUsersTests" */;
			buildPhases = (
				398EC37E85DE22CDF33F2043 /* [CP] Check Pods Manifest.lock */,
				03521F0229E73B1A002D8BA3 /* Sources */,
				03521F0329E73B1A002D8BA3 /* Frameworks */,
				03521F0429E73B1A002D8BA3 /* Resources */,
			);
			buildRules = (
			);
			dependencies = (
				03521F0829E73B1A002D8BA3 /* PBXTargetDependency */,
			);
			name = GithubUsersTests;
			productName = GithubUsersTests;
			productReference = 03521F0629E73B1A002D8BA3 /* GithubUsersTests.xctest */;
			productType = "com.apple.product-type.bundle.unit-test";
		};
		03521F0F29E73B1A002D8BA3 /* GithubUsersUITests */ = {
			isa = PBXNativeTarget;
			buildConfigurationList = 03521F2029E73B1A002D8BA3 /* Build configuration list for PBXNativeTarget "GithubUsersUITests" */;
			buildPhases = (
				03471FAD762BA9EC591B945B /* [CP] Check Pods Manifest.lock */,
				03521F0C29E73B1A002D8BA3 /* Sources */,
				03521F0D29E73B1A002D8BA3 /* Frameworks */,
				03521F0E29E73B1A002D8BA3 /* Resources */,
				416EFB6984CE8FE2E709D43C /* [CP] Embed Pods Frameworks */,
			);
			buildRules = (
			);
			dependencies = (
				03521F1229E73B1A002D8BA3 /* PBXTargetDependency */,
			);
			name = GithubUsersUITests;
			productName = GithubUsersUITests;
			productReference = 03521F1029E73B1A002D8BA3 /* GithubUsersUITests.xctest */;
			productType = "com.apple.product-type.bundle.ui-testing";
		};
/* End PBXNativeTarget section */

/* Begin PBXProject section */
		03521EE829E73B18002D8BA3 /* Project object */ = {
			isa = PBXProject;
			attributes = {
				BuildIndependentTargetsInParallel = 1;
				LastSwiftUpdateCheck = 1430;
				LastUpgradeCheck = 1430;
				TargetAttributes = {
					03521EEF29E73B18002D8BA3 = {
						CreatedOnToolsVersion = 14.3;
					};
					03521F0529E73B1A002D8BA3 = {
						CreatedOnToolsVersion = 14.3;
						TestTargetID = 03521EEF29E73B18002D8BA3;
					};
					03521F0F29E73B1A002D8BA3 = {
						CreatedOnToolsVersion = 14.3;
						TestTargetID = 03521EEF29E73B18002D8BA3;
					};
				};
			};
			buildConfigurationList = 03521EEB29E73B18002D8BA3 /* Build configuration list for PBXProject "GithubUsers" */;
			compatibilityVersion = "Xcode 14.0";
			developmentRegion = en;
			hasScannedForEncodings = 0;
			knownRegions = (
				en,
				Base,
			);
			mainGroup = 03521EE729E73B18002D8BA3;
			productRefGroup = 03521EF129E73B18002D8BA3 /* Products */;
			projectDirPath = "";
			projectRoot = "";
			targets = (
				03521EEF29E73B18002D8BA3 /* GithubUsers */,
				03521F0529E73B1A002D8BA3 /* GithubUsersTests */,
				03521F0F29E73B1A002D8BA3 /* GithubUsersUITests */,
			);
		};
/* End PBXProject section */

/* Begin PBXResourcesBuildPhase section */
		03521EEE29E73B18002D8BA3 /* Resources */ = {
			isa = PBXResourcesBuildPhase;
			buildActionMask = 2147483647;
			files = (
				03521F0029E73B19002D8BA3 /* LaunchScreen.storyboard in Resources */,
				03521EFD29E73B19002D8BA3 /* Assets.xcassets in Resources */,
			);
			runOnlyForDeploymentPostprocessing = 0;
		};
		03521F0429E73B1A002D8BA3 /* Resources */ = {
			isa = PBXResourcesBuildPhase;
			buildActionMask = 2147483647;
			files = (
			);
			runOnlyForDeploymentPostprocessing = 0;
		};
		03521F0E29E73B1A002D8BA3 /* Resources */ = {
			isa = PBXResourcesBuildPhase;
			buildActionMask = 2147483647;
			files = (
			);
			runOnlyForDeploymentPostprocessing = 0;
		};
/* End PBXResourcesBuildPhase section */

/* Begin PBXShellScriptBuildPhase section */
		027FCCB8FA927DCAA2A4EA18 /* [CP] Check Pods Manifest.lock */ = {
			isa = PBXShellScriptBuildPhase;
			buildActionMask = 2147483647;
			files = (
			);
			inputFileListPaths = (
			);
			inputPaths = (
				"${PODS_PODFILE_DIR_PATH}/Podfile.lock",
				"${PODS_ROOT}/Manifest.lock",
			);
			name = "[CP] Check Pods Manifest.lock";
			outputFileListPaths = (
			);
			outputPaths = (
				"$(DERIVED_FILE_DIR)/Pods-GithubUsers-checkManifestLockResult.txt",
			);
			runOnlyForDeploymentPostprocessing = 0;
			shellPath = /bin/sh;
			shellScript = "diff \"${PODS_PODFILE_DIR_PATH}/Podfile.lock\" \"${PODS_ROOT}/Manifest.lock\" > /dev/null\nif [ $? != 0 ] ; then\n    # print error to STDERR\n    echo \"error: The sandbox is not in sync with the Podfile.lock. Run 'pod install' or update your CocoaPods installation.\" >&2\n    exit 1\nfi\n# This output is used by Xcode 'outputs' to avoid re-running this script phase.\necho \"SUCCESS\" > \"${SCRIPT_OUTPUT_FILE_0}\"\n";
			showEnvVarsInLog = 0;
		};
		03471FAD762BA9EC591B945B /* [CP] Check Pods Manifest.lock */ = {
			isa = PBXShellScriptBuildPhase;
			buildActionMask = 2147483647;
			files = (
			);
			inputFileListPaths = (
			);
			inputPaths = (
				"${PODS_PODFILE_DIR_PATH}/Podfile.lock",
				"${PODS_ROOT}/Manifest.lock",
			);
			name = "[CP] Check Pods Manifest.lock";
			outputFileListPaths = (
			);
			outputPaths = (
				"$(DERIVED_FILE_DIR)/Pods-GithubUsers-GithubUsersUITests-checkManifestLockResult.txt",
			);
			runOnlyForDeploymentPostprocessing = 0;
			shellPath = /bin/sh;
			shellScript = "diff \"${PODS_PODFILE_DIR_PATH}/Podfile.lock\" \"${PODS_ROOT}/Manifest.lock\" > /dev/null\nif [ $? != 0 ] ; then\n    # print error to STDERR\n    echo \"error: The sandbox is not in sync with the Podfile.lock. Run 'pod install' or update your CocoaPods installation.\" >&2\n    exit 1\nfi\n# This output is used by Xcode 'outputs' to avoid re-running this script phase.\necho \"SUCCESS\" > \"${SCRIPT_OUTPUT_FILE_0}\"\n";
			showEnvVarsInLog = 0;
		};
		398EC37E85DE22CDF33F2043 /* [CP] Check Pods Manifest.lock */ = {
			isa = PBXShellScriptBuildPhase;
			buildActionMask = 2147483647;
			files = (
			);
			inputFileListPaths = (
			);
			inputPaths = (
				"${PODS_PODFILE_DIR_PATH}/Podfile.lock",
				"${PODS_ROOT}/Manifest.lock",
			);
			name = "[CP] Check Pods Manifest.lock";
			outputFileListPaths = (
			);
			outputPaths = (
				"$(DERIVED_FILE_DIR)/Pods-GithubUsersTests-checkManifestLockResult.txt",
			);
			runOnlyForDeploymentPostprocessing = 0;
			shellPath = /bin/sh;
			shellScript = "diff \"${PODS_PODFILE_DIR_PATH}/Podfile.lock\" \"${PODS_ROOT}/Manifest.lock\" > /dev/null\nif [ $? != 0 ] ; then\n    # print error to STDERR\n    echo \"error: The sandbox is not in sync with the Podfile.lock. Run 'pod install' or update your CocoaPods installation.\" >&2\n    exit 1\nfi\n# This output is used by Xcode 'outputs' to avoid re-running this script phase.\necho \"SUCCESS\" > \"${SCRIPT_OUTPUT_FILE_0}\"\n";
			showEnvVarsInLog = 0;
		};
		416EFB6984CE8FE2E709D43C /* [CP] Embed Pods Frameworks */ = {
			isa = PBXShellScriptBuildPhase;
			buildActionMask = 2147483647;
			files = (
			);
			inputFileListPaths = (
				"${PODS_ROOT}/Target Support Files/Pods-GithubUsers-GithubUsersUITests/Pods-GithubUsers-GithubUsersUITests-frameworks-${CONFIGURATION}-input-files.xcfilelist",
			);
			name = "[CP] Embed Pods Frameworks";
			outputFileListPaths = (
				"${PODS_ROOT}/Target Support Files/Pods-GithubUsers-GithubUsersUITests/Pods-GithubUsers-GithubUsersUITests-frameworks-${CONFIGURATION}-output-files.xcfilelist",
			);
			runOnlyForDeploymentPostprocessing = 0;
			shellPath = /bin/sh;
			shellScript = "\"${PODS_ROOT}/Target Support Files/Pods-GithubUsers-GithubUsersUITests/Pods-GithubUsers-GithubUsersUITests-frameworks.sh\"\n";
			showEnvVarsInLog = 0;
		};
		FDC2736BB017B5E08595A49D /* [CP] Embed Pods Frameworks */ = {
			isa = PBXShellScriptBuildPhase;
			buildActionMask = 2147483647;
			files = (
			);
			inputFileListPaths = (
				"${PODS_ROOT}/Target Support Files/Pods-GithubUsers/Pods-GithubUsers-frameworks-${CONFIGURATION}-input-files.xcfilelist",
			);
			name = "[CP] Embed Pods Frameworks";
			outputFileListPaths = (
				"${PODS_ROOT}/Target Support Files/Pods-GithubUsers/Pods-GithubUsers-frameworks-${CONFIGURATION}-output-files.xcfilelist",
			);
			runOnlyForDeploymentPostprocessing = 0;
			shellPath = /bin/sh;
			shellScript = "\"${PODS_ROOT}/Target Support Files/Pods-GithubUsers/Pods-GithubUsers-frameworks.sh\"\n";
			showEnvVarsInLog = 0;
		};
/* End PBXShellScriptBuildPhase section */

/* Begin PBXSourcesBuildPhase section */
		03521EEC29E73B18002D8BA3 /* Sources */ = {
			isa = PBXSourcesBuildPhase;
			buildActionMask = 2147483647;
			files = (
				03521F6329E753F0002D8BA3 /* GithubApiClient.swift in Sources */,
				0307A67F29E9BF440002ECCE /* ViewUserReposUseCaseProtocol.swift in Sources */,
				03521F3429E74500002D8BA3 /* ListUsersViewModelProtocol.swift in Sources */,
				03DD3FC229FAAF6100BA99B6 /* SearchUsersResponse.swift in Sources */,
				0307A68F29E9C8E40002ECCE /* ListUserReposVC.swift in Sources */,
				0307A69929E9D7130002ECCE /* TitleValueView.swift in Sources */,
				03521FA929E8B82D002D8BA3 /* UserDetailsViewModelFactory.swift in Sources */,
				03521F8129E83451002D8BA3 /* ListUsersVCFactory.swift in Sources */,
				03521F5529E74FFA002D8BA3 /* LoadUsersResponse.swift in Sources */,
				03521F6829E818C4002D8BA3 /* ApiClient+Extensions.swift in Sources */,
				03521FB529E97877002D8BA3 /* UserDetailsUseCaseProtocol.swift in Sources */,
				0307A68129E9BF6E0002ECCE /* GithubRepository.swift in Sources */,
				03521F4229E74CC3002D8BA3 /* ViewUsersUseCaseProtocol.swift in Sources */,
				03DD3FCD29FABCC000BA99B6 /* SearchUsersUseCase.swift in Sources */,
				03521FAD29E8CC40002D8BA3 /* ProfileHeaderView.swift in Sources */,
				03521FB329E97866002D8BA3 /* UserDetailsUseCase.swift in Sources */,
				03521F5E29E7526A002D8BA3 /* ApiRequestMaker.swift in Sources */,
				03521EF429E73B18002D8BA3 /* AppDelegate.swift in Sources */,
				03DD3FC829FAB40C00BA99B6 /* SearchUsersOrderBy.swift in Sources */,
				03DD3FBE29FAA42800BA99B6 /* SortBy.swift in Sources */,
				03521F6129E7526A002D8BA3 /* ApiRequest+Extensions.swift in Sources */,
				03521F7229E82F3E002D8BA3 /* UsersRepositoryFactory.swift in Sources */,
				03521F3129E74266002D8BA3 /* ListUsersView.swift in Sources */,
				0307A67929E9BE340002ECCE /* ReposApiServiceProtocol.swift in Sources */,
				03521F9E29E8A6CD002D8BA3 /* UserDetailsViewModel.swift in Sources */,
				03521F5D29E7526A002D8BA3 /* ApiRequestResponse.swift in Sources */,
				03521F5129E74F4C002D8BA3 /* UsersApiService.swift in Sources */,
				03521F8529E843C1002D8BA3 /* LoadResultStatusView.swift in Sources */,
				03521F9C29E8A626002D8BA3 /* UserDetailsViewModelProtocol.swift in Sources */,
				03DD3FC629FAB3EA00BA99B6 /* SearchUsersSortBy.swift in Sources */,
				03521F3C29E74B0D002D8BA3 /* User.swift in Sources */,
				03DD3FBB29FAA21700BA99B6 /* SearchUsersEndpoint.swift in Sources */,
				03521F4429E74D1A002D8BA3 /* UsersRepositoryProtocol.swift in Sources */,
				03521EF629E73B18002D8BA3 /* SceneDelegate.swift in Sources */,
				03521F8A29E877FF002D8BA3 /* ImageAndTitleInfoView.swift in Sources */,
				0307A68529E9C2190002ECCE /* ReposRepository.swift in Sources */,
				03521FBB29E97986002D8BA3 /* LoadUserResponse.swift in Sources */,
				03DD3FCF29FAC6EA00BA99B6 /* SearchUsersUseCaseFactory.swift in Sources */,
				0307A68929E9C4B80002ECCE /* ViewUserReposUseCaseFactory.swift in Sources */,
				03521F6A29E82C3A002D8BA3 /* ApiClientBuilder.swift in Sources */,
				03521FAF29E8DB47002D8BA3 /* ProfileHeaderTableViewCell.swift in Sources */,
				03521FBF29E97BD4002D8BA3 /* UserApiService.swift in Sources */,
				03521FC129E97C44002D8BA3 /* UserRepository.swift in Sources */,
				03521F6029E7526A002D8BA3 /* ApiClient.swift in Sources */,
				03521F2F29E74252002D8BA3 /* ListUsersVC.swift in Sources */,
				03521F4D29E74E11002D8BA3 /* UsersApiServiceProtocol.swift in Sources */,
				03521FA229E8AD38002D8BA3 /* UserDetailsVC.swift in Sources */,
				0307A69129E9C8F50002ECCE /* ListUserReposView.swift in Sources */,
				03521FC329E97D40002D8BA3 /* UserRepositoryFactory.swift in Sources */,
				03DD3FC029FAA43300BA99B6 /* Order.swift in Sources */,
				0307A69B29E9DC670002ECCE /* SmallRepoInfoTableViewCell.swift in Sources */,
				0307A68D29E9C65B0002ECCE /* ListUserReposViewModel.swift in Sources */,
				0307A68329E9C1CB0002ECCE /* ReposRepositoryProtocol.swift in Sources */,
				03521FA429E8AD49002D8BA3 /* UserDetailsView.swift in Sources */,
				03521F7C29E832E8002D8BA3 /* ExecutionStatus.swift in Sources */,
				03521FA729E8B7FC002D8BA3 /* UserDetailsVCFactory.swift in Sources */,
				03521F8D29E87D32002D8BA3 /* ImageAndTitleInfoTableViewCell.swift in Sources */,
				03521F3A29E7490D002D8BA3 /* SmallUserInfo.swift in Sources */,
				03521F4929E74DD3002D8BA3 /* UsersRepository.swift in Sources */,
				03521FB129E8E0E4002D8BA3 /* UserDetailsVCTableViewManager.swift in Sources */,
				03521F7429E82FD8002D8BA3 /* ViewUsersUseCaseFactory.swift in Sources */,
				03521F4629E74D51002D8BA3 /* ViewUsersUseCase.swift in Sources */,
				0307A68B29E9C5BA0002ECCE /* ListUserReposViewModelProtocol.swift in Sources */,
				03521F7F29E8340F002D8BA3 /* ListUsersViewModelFactory.swift in Sources */,
				03521FC529E97D80002D8BA3 /* UserDetailsUseCaseFactory.swift in Sources */,
				03521F8729E8441E002D8BA3 /* WithViewCode.swift in Sources */,
				0307A69729E9D2740002ECCE /* SmallRepoInfoView.swift in Sources */,
				03521FBD29E97B3B002D8BA3 /* UserDetailsEndpoint.swift in Sources */,
				03521FB929E97962002D8BA3 /* UserApiServiceProtocol.swift in Sources */,
				03DD3FC429FAB18600BA99B6 /* SearchUsersUseCaseProtocol.swift in Sources */,
				0307A69529E9CBFB0002ECCE /* ListUserReposVCFactory.swift in Sources */,
				03521FB729E978D5002D8BA3 /* UserRepositoryProtocol.swift in Sources */,
				0307A67D29E9BF390002ECCE /* ViewUserReposUseCase.swift in Sources */,
				0307A67B29E9BE770002ECCE /* ReposApiService.swift in Sources */,
				0307A68729E9C4700002ECCE /* ReposRepositoryFactory.swift in Sources */,
				03DD3FCB29FAB65500BA99B6 /* SearchUsersResult.swift in Sources */,
				0307A69329E9CB790002ECCE /* ListUserReposViewModelFactory.swift in Sources */,
				0307A67529E9BB430002ECCE /* UserReposEndpoint.swift in Sources */,
				03521F7929E8315A002D8BA3 /* ListUsersViewModel.swift in Sources */,
				03521F6529E754A5002D8BA3 /* ListUsersEndpoint.swift in Sources */,
				03521F5F29E7526A002D8BA3 /* ApiRequest.swift in Sources */,
				0307A67729E9BBB80002ECCE /* LoadUserReposResponse.swift in Sources */,
			);
			runOnlyForDeploymentPostprocessing = 0;
		};
		03521F0229E73B1A002D8BA3 /* Sources */ = {
			isa = PBXSourcesBuildPhase;
			buildActionMask = 2147483647;
			files = (
				03521F9629E89FAC002D8BA3 /* ViewUsersUseCaseSuccess.swift in Sources */,
				03521FCD29E98D88002D8BA3 /* UserDetailsUseCaseFailed.swift in Sources */,
				03521FC829E98B49002D8BA3 /* UserDetailsViewModelTests.swift in Sources */,
				0307A6A129E9EED80002ECCE /* ViewUserReposUseCaseSuccess.swift in Sources */,
				03521FCB29E98C87002D8BA3 /* UserDetailsUseCaseSuccess.swift in Sources */,
				03DD3FD829FAC77B00BA99B6 /* SearchUsersEndpointTests.swift in Sources */,
				03521F9829E8A235002D8BA3 /* ViewUsersUseCaseFailed.swift in Sources */,
				03DD3FDA29FAC78B00BA99B6 /* SearchUsersUseCaseTests.swift in Sources */,
				0307A69E29E9EE1C0002ECCE /* ListUserReposViewModelTests.swift in Sources */,
				0307A6A329E9F0D10002ECCE /* ViewUserReposUseCaseFailed.swift in Sources */,
				03521F9329E892FE002D8BA3 /* ListUsersViewModelTests.swift in Sources */,
			);
			runOnlyForDeploymentPostprocessing = 0;
		};
		03521F0C29E73B1A002D8BA3 /* Sources */ = {
			isa = PBXSourcesBuildPhase;
			buildActionMask = 2147483647;
			files = (
				03521F1729E73B1A002D8BA3 /* GithubUsersUITestsLaunchTests.swift in Sources */,
				03521F1529E73B1A002D8BA3 /* GithubUsersUITests.swift in Sources */,
			);
			runOnlyForDeploymentPostprocessing = 0;
		};
/* End PBXSourcesBuildPhase section */

/* Begin PBXTargetDependency section */
		03521F0829E73B1A002D8BA3 /* PBXTargetDependency */ = {
			isa = PBXTargetDependency;
			target = 03521EEF29E73B18002D8BA3 /* GithubUsers */;
			targetProxy = 03521F0729E73B1A002D8BA3 /* PBXContainerItemProxy */;
		};
		03521F1229E73B1A002D8BA3 /* PBXTargetDependency */ = {
			isa = PBXTargetDependency;
			target = 03521EEF29E73B18002D8BA3 /* GithubUsers */;
			targetProxy = 03521F1129E73B1A002D8BA3 /* PBXContainerItemProxy */;
		};
/* End PBXTargetDependency section */

/* Begin PBXVariantGroup section */
		03521EFE29E73B19002D8BA3 /* LaunchScreen.storyboard */ = {
			isa = PBXVariantGroup;
			children = (
				03521EFF29E73B19002D8BA3 /* Base */,
			);
			name = LaunchScreen.storyboard;
			sourceTree = "<group>";
		};
/* End PBXVariantGroup section */

/* Begin XCBuildConfiguration section */
		03521F1829E73B1A002D8BA3 /* Debug */ = {
			isa = XCBuildConfiguration;
			buildSettings = {
				ALWAYS_SEARCH_USER_PATHS = NO;
				CLANG_ANALYZER_NONNULL = YES;
				CLANG_ANALYZER_NUMBER_OBJECT_CONVERSION = YES_AGGRESSIVE;
				CLANG_CXX_LANGUAGE_STANDARD = "gnu++20";
				CLANG_ENABLE_MODULES = YES;
				CLANG_ENABLE_OBJC_ARC = YES;
				CLANG_ENABLE_OBJC_WEAK = YES;
				CLANG_WARN_BLOCK_CAPTURE_AUTORELEASING = YES;
				CLANG_WARN_BOOL_CONVERSION = YES;
				CLANG_WARN_COMMA = YES;
				CLANG_WARN_CONSTANT_CONVERSION = YES;
				CLANG_WARN_DEPRECATED_OBJC_IMPLEMENTATIONS = YES;
				CLANG_WARN_DIRECT_OBJC_ISA_USAGE = YES_ERROR;
				CLANG_WARN_DOCUMENTATION_COMMENTS = YES;
				CLANG_WARN_EMPTY_BODY = YES;
				CLANG_WARN_ENUM_CONVERSION = YES;
				CLANG_WARN_INFINITE_RECURSION = YES;
				CLANG_WARN_INT_CONVERSION = YES;
				CLANG_WARN_NON_LITERAL_NULL_CONVERSION = YES;
				CLANG_WARN_OBJC_IMPLICIT_RETAIN_SELF = YES;
				CLANG_WARN_OBJC_LITERAL_CONVERSION = YES;
				CLANG_WARN_OBJC_ROOT_CLASS = YES_ERROR;
				CLANG_WARN_QUOTED_INCLUDE_IN_FRAMEWORK_HEADER = YES;
				CLANG_WARN_RANGE_LOOP_ANALYSIS = YES;
				CLANG_WARN_STRICT_PROTOTYPES = YES;
				CLANG_WARN_SUSPICIOUS_MOVE = YES;
				CLANG_WARN_UNGUARDED_AVAILABILITY = YES_AGGRESSIVE;
				CLANG_WARN_UNREACHABLE_CODE = YES;
				CLANG_WARN__DUPLICATE_METHOD_MATCH = YES;
				COPY_PHASE_STRIP = NO;
				DEBUG_INFORMATION_FORMAT = dwarf;
				ENABLE_STRICT_OBJC_MSGSEND = YES;
				ENABLE_TESTABILITY = YES;
				GCC_C_LANGUAGE_STANDARD = gnu11;
				GCC_DYNAMIC_NO_PIC = NO;
				GCC_NO_COMMON_BLOCKS = YES;
				GCC_OPTIMIZATION_LEVEL = 0;
				GCC_PREPROCESSOR_DEFINITIONS = (
					"DEBUG=1",
					"$(inherited)",
				);
				GCC_WARN_64_TO_32_BIT_CONVERSION = YES;
				GCC_WARN_ABOUT_RETURN_TYPE = YES_ERROR;
				GCC_WARN_UNDECLARED_SELECTOR = YES;
				GCC_WARN_UNINITIALIZED_AUTOS = YES_AGGRESSIVE;
				GCC_WARN_UNUSED_FUNCTION = YES;
				GCC_WARN_UNUSED_VARIABLE = YES;
				IPHONEOS_DEPLOYMENT_TARGET = 14.0;
				MTL_ENABLE_DEBUG_INFO = INCLUDE_SOURCE;
				MTL_FAST_MATH = YES;
				ONLY_ACTIVE_ARCH = YES;
				SDKROOT = iphoneos;
				SWIFT_ACTIVE_COMPILATION_CONDITIONS = DEBUG;
				SWIFT_OPTIMIZATION_LEVEL = "-Onone";
			};
			name = Debug;
		};
		03521F1929E73B1A002D8BA3 /* Release */ = {
			isa = XCBuildConfiguration;
			buildSettings = {
				ALWAYS_SEARCH_USER_PATHS = NO;
				CLANG_ANALYZER_NONNULL = YES;
				CLANG_ANALYZER_NUMBER_OBJECT_CONVERSION = YES_AGGRESSIVE;
				CLANG_CXX_LANGUAGE_STANDARD = "gnu++20";
				CLANG_ENABLE_MODULES = YES;
				CLANG_ENABLE_OBJC_ARC = YES;
				CLANG_ENABLE_OBJC_WEAK = YES;
				CLANG_WARN_BLOCK_CAPTURE_AUTORELEASING = YES;
				CLANG_WARN_BOOL_CONVERSION = YES;
				CLANG_WARN_COMMA = YES;
				CLANG_WARN_CONSTANT_CONVERSION = YES;
				CLANG_WARN_DEPRECATED_OBJC_IMPLEMENTATIONS = YES;
				CLANG_WARN_DIRECT_OBJC_ISA_USAGE = YES_ERROR;
				CLANG_WARN_DOCUMENTATION_COMMENTS = YES;
				CLANG_WARN_EMPTY_BODY = YES;
				CLANG_WARN_ENUM_CONVERSION = YES;
				CLANG_WARN_INFINITE_RECURSION = YES;
				CLANG_WARN_INT_CONVERSION = YES;
				CLANG_WARN_NON_LITERAL_NULL_CONVERSION = YES;
				CLANG_WARN_OBJC_IMPLICIT_RETAIN_SELF = YES;
				CLANG_WARN_OBJC_LITERAL_CONVERSION = YES;
				CLANG_WARN_OBJC_ROOT_CLASS = YES_ERROR;
				CLANG_WARN_QUOTED_INCLUDE_IN_FRAMEWORK_HEADER = YES;
				CLANG_WARN_RANGE_LOOP_ANALYSIS = YES;
				CLANG_WARN_STRICT_PROTOTYPES = YES;
				CLANG_WARN_SUSPICIOUS_MOVE = YES;
				CLANG_WARN_UNGUARDED_AVAILABILITY = YES_AGGRESSIVE;
				CLANG_WARN_UNREACHABLE_CODE = YES;
				CLANG_WARN__DUPLICATE_METHOD_MATCH = YES;
				COPY_PHASE_STRIP = NO;
				DEBUG_INFORMATION_FORMAT = "dwarf-with-dsym";
				ENABLE_NS_ASSERTIONS = NO;
				ENABLE_STRICT_OBJC_MSGSEND = YES;
				GCC_C_LANGUAGE_STANDARD = gnu11;
				GCC_NO_COMMON_BLOCKS = YES;
				GCC_WARN_64_TO_32_BIT_CONVERSION = YES;
				GCC_WARN_ABOUT_RETURN_TYPE = YES_ERROR;
				GCC_WARN_UNDECLARED_SELECTOR = YES;
				GCC_WARN_UNINITIALIZED_AUTOS = YES_AGGRESSIVE;
				GCC_WARN_UNUSED_FUNCTION = YES;
				GCC_WARN_UNUSED_VARIABLE = YES;
				IPHONEOS_DEPLOYMENT_TARGET = 14.0;
				MTL_ENABLE_DEBUG_INFO = NO;
				MTL_FAST_MATH = YES;
				SDKROOT = iphoneos;
				SWIFT_COMPILATION_MODE = wholemodule;
				SWIFT_OPTIMIZATION_LEVEL = "-O";
				VALIDATE_PRODUCT = YES;
			};
			name = Release;
		};
		03521F1B29E73B1A002D8BA3 /* Debug */ = {
			isa = XCBuildConfiguration;
			baseConfigurationReference = 713FB8CA0D5B5125243AB9DA /* Pods-GithubUsers.debug.xcconfig */;
			buildSettings = {
				ASSETCATALOG_COMPILER_APPICON_NAME = AppIcon;
				ASSETCATALOG_COMPILER_GLOBAL_ACCENT_COLOR_NAME = AccentColor;
				CODE_SIGN_STYLE = Automatic;
				CURRENT_PROJECT_VERSION = 1;
				GENERATE_INFOPLIST_FILE = YES;
				INFOPLIST_FILE = GithubUsers/Info.plist;
				INFOPLIST_KEY_CFBundleDisplayName = "Dev Github Users";
				INFOPLIST_KEY_UIApplicationSupportsIndirectInputEvents = YES;
				INFOPLIST_KEY_UILaunchStoryboardName = LaunchScreen;
				INFOPLIST_KEY_UIMainStoryboardFile = "";
				INFOPLIST_KEY_UISupportedInterfaceOrientations_iPad = "UIInterfaceOrientationPortrait UIInterfaceOrientationPortraitUpsideDown UIInterfaceOrientationLandscapeLeft UIInterfaceOrientationLandscapeRight";
				INFOPLIST_KEY_UISupportedInterfaceOrientations_iPhone = "UIInterfaceOrientationPortrait UIInterfaceOrientationLandscapeLeft UIInterfaceOrientationLandscapeRight";
				IPHONEOS_DEPLOYMENT_TARGET = 14.0;
				LD_RUNPATH_SEARCH_PATHS = (
					"$(inherited)",
					"@executable_path/Frameworks",
				);
				MARKETING_VERSION = 1.0;
				PRODUCT_BUNDLE_IDENTIFIER = br.com.joselucas.GithubUsers;
				PRODUCT_NAME = "$(TARGET_NAME)";
				SUPPORTED_PLATFORMS = "iphoneos iphonesimulator";
				SUPPORTS_MACCATALYST = NO;
				SUPPORTS_MAC_DESIGNED_FOR_IPHONE_IPAD = NO;
				SWIFT_EMIT_LOC_STRINGS = YES;
				SWIFT_VERSION = 5.0;
				TARGETED_DEVICE_FAMILY = "1,2";
			};
			name = Debug;
		};
		03521F1C29E73B1A002D8BA3 /* Release */ = {
			isa = XCBuildConfiguration;
			baseConfigurationReference = E47B5C102E3B1A62CC25CC84 /* Pods-GithubUsers.release.xcconfig */;
			buildSettings = {
				ASSETCATALOG_COMPILER_APPICON_NAME = AppIcon;
				ASSETCATALOG_COMPILER_GLOBAL_ACCENT_COLOR_NAME = AccentColor;
				CODE_SIGN_STYLE = Automatic;
				CURRENT_PROJECT_VERSION = 1;
				GENERATE_INFOPLIST_FILE = YES;
				INFOPLIST_FILE = GithubUsers/Info.plist;
				INFOPLIST_KEY_CFBundleDisplayName = "Github Users";
				INFOPLIST_KEY_UIApplicationSupportsIndirectInputEvents = YES;
				INFOPLIST_KEY_UILaunchStoryboardName = LaunchScreen;
				INFOPLIST_KEY_UIMainStoryboardFile = "";
				INFOPLIST_KEY_UISupportedInterfaceOrientations_iPad = "UIInterfaceOrientationPortrait UIInterfaceOrientationPortraitUpsideDown UIInterfaceOrientationLandscapeLeft UIInterfaceOrientationLandscapeRight";
				INFOPLIST_KEY_UISupportedInterfaceOrientations_iPhone = "UIInterfaceOrientationPortrait UIInterfaceOrientationLandscapeLeft UIInterfaceOrientationLandscapeRight";
				IPHONEOS_DEPLOYMENT_TARGET = 14.0;
				LD_RUNPATH_SEARCH_PATHS = (
					"$(inherited)",
					"@executable_path/Frameworks",
				);
				MARKETING_VERSION = 1.0;
				PRODUCT_BUNDLE_IDENTIFIER = br.com.joselucas.GithubUsers;
				PRODUCT_NAME = "$(TARGET_NAME)";
				SUPPORTED_PLATFORMS = "iphoneos iphonesimulator";
				SUPPORTS_MACCATALYST = NO;
				SUPPORTS_MAC_DESIGNED_FOR_IPHONE_IPAD = NO;
				SWIFT_EMIT_LOC_STRINGS = YES;
				SWIFT_VERSION = 5.0;
				TARGETED_DEVICE_FAMILY = "1,2";
			};
			name = Release;
		};
		03521F1E29E73B1A002D8BA3 /* Debug */ = {
			isa = XCBuildConfiguration;
			baseConfigurationReference = 35712DF9CBE3A467AD64EEC1 /* Pods-GithubUsersTests.debug.xcconfig */;
			buildSettings = {
				ALWAYS_EMBED_SWIFT_STANDARD_LIBRARIES = YES;
				BUNDLE_LOADER = "$(TEST_HOST)";
				CODE_SIGN_STYLE = Automatic;
				CURRENT_PROJECT_VERSION = 1;
				GENERATE_INFOPLIST_FILE = YES;
				IPHONEOS_DEPLOYMENT_TARGET = 16.4;
				MARKETING_VERSION = 1.0;
				PRODUCT_BUNDLE_IDENTIFIER = br.com.joselucas.GithubUsersTests;
				PRODUCT_NAME = "$(TARGET_NAME)";
				SWIFT_EMIT_LOC_STRINGS = NO;
				SWIFT_VERSION = 5.0;
				TARGETED_DEVICE_FAMILY = "1,2";
				TEST_HOST = "$(BUILT_PRODUCTS_DIR)/GithubUsers.app/$(BUNDLE_EXECUTABLE_FOLDER_PATH)/GithubUsers";
			};
			name = Debug;
		};
		03521F1F29E73B1A002D8BA3 /* Release */ = {
			isa = XCBuildConfiguration;
			baseConfigurationReference = 5A4B7595F4F6A3A86AA456CD /* Pods-GithubUsersTests.release.xcconfig */;
			buildSettings = {
				ALWAYS_EMBED_SWIFT_STANDARD_LIBRARIES = YES;
				BUNDLE_LOADER = "$(TEST_HOST)";
				CODE_SIGN_STYLE = Automatic;
				CURRENT_PROJECT_VERSION = 1;
				GENERATE_INFOPLIST_FILE = YES;
				IPHONEOS_DEPLOYMENT_TARGET = 16.4;
				MARKETING_VERSION = 1.0;
				PRODUCT_BUNDLE_IDENTIFIER = br.com.joselucas.GithubUsersTests;
				PRODUCT_NAME = "$(TARGET_NAME)";
				SWIFT_EMIT_LOC_STRINGS = NO;
				SWIFT_VERSION = 5.0;
				TARGETED_DEVICE_FAMILY = "1,2";
				TEST_HOST = "$(BUILT_PRODUCTS_DIR)/GithubUsers.app/$(BUNDLE_EXECUTABLE_FOLDER_PATH)/GithubUsers";
			};
			name = Release;
		};
		03521F2129E73B1A002D8BA3 /* Debug */ = {
			isa = XCBuildConfiguration;
			baseConfigurationReference = F3F2E5C560E679C7AF2F67F1 /* Pods-GithubUsers-GithubUsersUITests.debug.xcconfig */;
			buildSettings = {
				ALWAYS_EMBED_SWIFT_STANDARD_LIBRARIES = YES;
				CODE_SIGN_STYLE = Automatic;
				CURRENT_PROJECT_VERSION = 1;
				GENERATE_INFOPLIST_FILE = YES;
				MARKETING_VERSION = 1.0;
				PRODUCT_BUNDLE_IDENTIFIER = br.com.joselucas.GithubUsersUITests;
				PRODUCT_NAME = "$(TARGET_NAME)";
				SWIFT_EMIT_LOC_STRINGS = NO;
				SWIFT_VERSION = 5.0;
				TARGETED_DEVICE_FAMILY = "1,2";
				TEST_TARGET_NAME = GithubUsers;
			};
			name = Debug;
		};
		03521F2229E73B1A002D8BA3 /* Release */ = {
			isa = XCBuildConfiguration;
			baseConfigurationReference = 7D87E21E3EF28A74937A3E04 /* Pods-GithubUsers-GithubUsersUITests.release.xcconfig */;
			buildSettings = {
				ALWAYS_EMBED_SWIFT_STANDARD_LIBRARIES = YES;
				CODE_SIGN_STYLE = Automatic;
				CURRENT_PROJECT_VERSION = 1;
				GENERATE_INFOPLIST_FILE = YES;
				MARKETING_VERSION = 1.0;
				PRODUCT_BUNDLE_IDENTIFIER = br.com.joselucas.GithubUsersUITests;
				PRODUCT_NAME = "$(TARGET_NAME)";
				SWIFT_EMIT_LOC_STRINGS = NO;
				SWIFT_VERSION = 5.0;
				TARGETED_DEVICE_FAMILY = "1,2";
				TEST_TARGET_NAME = GithubUsers;
			};
			name = Release;
		};
/* End XCBuildConfiguration section */

/* Begin XCConfigurationList section */
		03521EEB29E73B18002D8BA3 /* Build configuration list for PBXProject "GithubUsers" */ = {
			isa = XCConfigurationList;
			buildConfigurations = (
				03521F1829E73B1A002D8BA3 /* Debug */,
				03521F1929E73B1A002D8BA3 /* Release */,
			);
			defaultConfigurationIsVisible = 0;
			defaultConfigurationName = Release;
		};
		03521F1A29E73B1A002D8BA3 /* Build configuration list for PBXNativeTarget "GithubUsers" */ = {
			isa = XCConfigurationList;
			buildConfigurations = (
				03521F1B29E73B1A002D8BA3 /* Debug */,
				03521F1C29E73B1A002D8BA3 /* Release */,
			);
			defaultConfigurationIsVisible = 0;
			defaultConfigurationName = Release;
		};
		03521F1D29E73B1A002D8BA3 /* Build configuration list for PBXNativeTarget "GithubUsersTests" */ = {
			isa = XCConfigurationList;
			buildConfigurations = (
				03521F1E29E73B1A002D8BA3 /* Debug */,
				03521F1F29E73B1A002D8BA3 /* Release */,
			);
			defaultConfigurationIsVisible = 0;
			defaultConfigurationName = Release;
		};
		03521F2029E73B1A002D8BA3 /* Build configuration list for PBXNativeTarget "GithubUsersUITests" */ = {
			isa = XCConfigurationList;
			buildConfigurations = (
				03521F2129E73B1A002D8BA3 /* Debug */,
				03521F2229E73B1A002D8BA3 /* Release */,
			);
			defaultConfigurationIsVisible = 0;
			defaultConfigurationName = Release;
		};
/* End XCConfigurationList section */
	};
	rootObject = 03521EE829E73B18002D8BA3 /* Project object */;
}
